// !$*UTF8*$!
{
	archiveVersion = 1;
	classes = {
	};
	objectVersion = 46;
	objects = {

/* Begin PBXBuildFile section */
		B50326F51D20846500156217 /* FontInfo.cpp in Sources */ = {isa = PBXBuildFile; fileRef = B50326F41D20846500156217 /* FontInfo.cpp */; };
		B508CD891CA0ABA200127B97 /* TextureBase.cpp in Sources */ = {isa = PBXBuildFile; fileRef = B508CD871CA0ABA200127B97 /* TextureBase.cpp */; };
		B508CD8E1CA8ABA100127B97 /* Arial Black.ttf in Resources */ = {isa = PBXBuildFile; fileRef = B508CD8D1CA8ABA100127B97 /* Arial Black.ttf */; };
		B508CD901CA901B700127B97 /* Avenir.ttc in Resources */ = {isa = PBXBuildFile; fileRef = B508CD8F1CA901B700127B97 /* Avenir.ttc */; };
		B508CD931CAE285000127B97 /* TransformComponent.cpp in Sources */ = {isa = PBXBuildFile; fileRef = B508CD911CAE285000127B97 /* TransformComponent.cpp */; };
		B508CD9D1CAF95A000127B97 /* libBenGameEngine.a in Frameworks */ = {isa = PBXBuildFile; fileRef = B525E35B1C8950DA00C691C0 /* libBenGameEngine.a */; };
		B508CDA51CB4DD5B00127B97 /* Component.cpp in Sources */ = {isa = PBXBuildFile; fileRef = B508CDA31CB4DD5B00127B97 /* Component.cpp */; };
		B508CDA81CB4DE6D00127B97 /* GameObject.cpp in Sources */ = {isa = PBXBuildFile; fileRef = B508CDA61CB4DE6D00127B97 /* GameObject.cpp */; };
		B508CDAB1CB4DE8E00127B97 /* Object.cpp in Sources */ = {isa = PBXBuildFile; fileRef = B508CDA91CB4DE8E00127B97 /* Object.cpp */; };
		B508CDAE1CB78DA100127B97 /* GameObjectService.cpp in Sources */ = {isa = PBXBuildFile; fileRef = B508CDAC1CB78DA100127B97 /* GameObjectService.cpp */; };
		B50A1F9E1D092A3C004B450E /* TextComponent.cpp in Sources */ = {isa = PBXBuildFile; fileRef = B50A1F9C1D092A3C004B450E /* TextComponent.cpp */; };
		B50A1FA11D0E762F004B450E /* AnimatorComponent.cpp in Sources */ = {isa = PBXBuildFile; fileRef = B50A1F9F1D0E762F004B450E /* AnimatorComponent.cpp */; };
		B50A1FA41D0E8B2A004B450E /* AnimationService.cpp in Sources */ = {isa = PBXBuildFile; fileRef = B50A1FA21D0E8B2A004B450E /* AnimationService.cpp */; };
		B51F32CB1C9EE94E00B9F658 /* AppleGothic.ttf in Resources */ = {isa = PBXBuildFile; fileRef = B51F32CA1C9EE94E00B9F658 /* AppleGothic.ttf */; };
		B525E36F1C8957A700C691C0 /* main.m in Sources */ = {isa = PBXBuildFile; fileRef = B525E36E1C8957A700C691C0 /* main.m */; };
		B525E3721C8957A700C691C0 /* AppDelegate.m in Sources */ = {isa = PBXBuildFile; fileRef = B525E3711C8957A700C691C0 /* AppDelegate.m */; };
		B525E3751C8957A700C691C0 /* ViewController.m in Sources */ = {isa = PBXBuildFile; fileRef = B525E3741C8957A700C691C0 /* ViewController.m */; };
		B525E3781C8957A700C691C0 /* Main.storyboard in Resources */ = {isa = PBXBuildFile; fileRef = B525E3761C8957A700C691C0 /* Main.storyboard */; };
		B525E37A1C8957A700C691C0 /* Assets.xcassets in Resources */ = {isa = PBXBuildFile; fileRef = B525E3791C8957A700C691C0 /* Assets.xcassets */; };
		B525E37D1C8957A700C691C0 /* LaunchScreen.storyboard in Resources */ = {isa = PBXBuildFile; fileRef = B525E37B1C8957A700C691C0 /* LaunchScreen.storyboard */; };
		B525E3841C8957BD00C691C0 /* libBenGameEngine.a in Frameworks */ = {isa = PBXBuildFile; fileRef = B525E35B1C8950DA00C691C0 /* libBenGameEngine.a */; };
		B525E3B51C89587000C691C0 /* Error.cpp in Sources */ = {isa = PBXBuildFile; fileRef = B525E3851C89587000C691C0 /* Error.cpp */; };
		B525E3B61C89587000C691C0 /* Game.cpp in Sources */ = {isa = PBXBuildFile; fileRef = B525E3871C89587000C691C0 /* Game.cpp */; };
		B525E3B81C89587000C691C0 /* BGEHeartbeatIOS.m in Sources */ = {isa = PBXBuildFile; fileRef = B525E38C1C89587000C691C0 /* BGEHeartbeatIOS.m */; };
		B525E3B91C89587000C691C0 /* HeartbeatService.cpp in Sources */ = {isa = PBXBuildFile; fileRef = B525E38D1C89587000C691C0 /* HeartbeatService.cpp */; };
		B525E3BA1C89587000C691C0 /* MathTypes.cpp in Sources */ = {isa = PBXBuildFile; fileRef = B525E38F1C89587000C691C0 /* MathTypes.cpp */; };
		B525E3BB1C89587000C691C0 /* RenderContext.cpp in Sources */ = {isa = PBXBuildFile; fileRef = B525E3911C89587000C691C0 /* RenderContext.cpp */; };
		B525E3BC1C89587000C691C0 /* RenderContextOpenGLES2.cpp in Sources */ = {isa = PBXBuildFile; fileRef = B525E3931C89587000C691C0 /* RenderContextOpenGLES2.cpp */; };
		B525E3BD1C89587000C691C0 /* RenderService.cpp in Sources */ = {isa = PBXBuildFile; fileRef = B525E3951C89587000C691C0 /* RenderService.cpp */; };
		B525E3BE1C89587000C691C0 /* RenderServiceOpenGLES2.cpp in Sources */ = {isa = PBXBuildFile; fileRef = B525E3971C89587000C691C0 /* RenderServiceOpenGLES2.cpp */; };
		B525E3BF1C89587000C691C0 /* RenderView.cpp in Sources */ = {isa = PBXBuildFile; fileRef = B525E3991C89587000C691C0 /* RenderView.cpp */; };
		B525E3C01C89587000C691C0 /* RenderWindow.cpp in Sources */ = {isa = PBXBuildFile; fileRef = B525E39B1C89587000C691C0 /* RenderWindow.cpp */; };
		B525E3C11C89587000C691C0 /* Service.cpp in Sources */ = {isa = PBXBuildFile; fileRef = B525E39D1C89587000C691C0 /* Service.cpp */; };
		B525E3C21C89587000C691C0 /* Shader.cpp in Sources */ = {isa = PBXBuildFile; fileRef = B525E39F1C89587000C691C0 /* Shader.cpp */; };
		B525E3C31C89587000C691C0 /* ShaderOpenGLES2.cpp in Sources */ = {isa = PBXBuildFile; fileRef = B525E3A11C89587000C691C0 /* ShaderOpenGLES2.cpp */; };
		B525E3C41C89587000C691C0 /* ShaderProgram.cpp in Sources */ = {isa = PBXBuildFile; fileRef = B525E3A31C89587000C691C0 /* ShaderProgram.cpp */; };
		B525E3C51C89587000C691C0 /* ShaderProgramOpenGLES2.cpp in Sources */ = {isa = PBXBuildFile; fileRef = B525E3A51C89587000C691C0 /* ShaderProgramOpenGLES2.cpp */; };
		B525E3C61C89587000C691C0 /* ShaderService.cpp in Sources */ = {isa = PBXBuildFile; fileRef = B525E3A71C89587000C691C0 /* ShaderService.cpp */; };
		B525E3C71C89587000C691C0 /* ShaderServiceOpenGLES2.cpp in Sources */ = {isa = PBXBuildFile; fileRef = B525E3A91C89587000C691C0 /* ShaderServiceOpenGLES2.cpp */; };
		B525E3C81C89587000C691C0 /* Texture.cpp in Sources */ = {isa = PBXBuildFile; fileRef = B525E3AB1C89587000C691C0 /* Texture.cpp */; };
		B525E3C91C89587000C691C0 /* TextureAtlas.cpp in Sources */ = {isa = PBXBuildFile; fileRef = B525E3AD1C89587000C691C0 /* TextureAtlas.cpp */; };
		B525E3CA1C89587000C691C0 /* TextureOpenGLES2.cpp in Sources */ = {isa = PBXBuildFile; fileRef = B525E3AF1C89587000C691C0 /* TextureOpenGLES2.cpp */; };
		B525E3CB1C89587000C691C0 /* TextureService.cpp in Sources */ = {isa = PBXBuildFile; fileRef = B525E3B11C89587000C691C0 /* TextureService.cpp */; };
		B525E3CC1C89587000C691C0 /* TextureServiceOpenGLES2.cpp in Sources */ = {isa = PBXBuildFile; fileRef = B525E3B31C89587000C691C0 /* TextureServiceOpenGLES2.cpp */; };
		B525E3DC1C895A1900C691C0 /* SimpleFragment.glsl in Resources */ = {isa = PBXBuildFile; fileRef = B525E3CE1C89588700C691C0 /* SimpleFragment.glsl */; };
		B525E3DD1C895A1900C691C0 /* SimpleVertex.glsl in Resources */ = {isa = PBXBuildFile; fileRef = B525E3CF1C89588700C691C0 /* SimpleVertex.glsl */; };
		B525E3DE1C895A1900C691C0 /* TextureFragment.glsl in Resources */ = {isa = PBXBuildFile; fileRef = B525E3D01C89588700C691C0 /* TextureFragment.glsl */; };
		B525E3DF1C895A1900C691C0 /* TextureVertex.glsl in Resources */ = {isa = PBXBuildFile; fileRef = B525E3D11C89588700C691C0 /* TextureVertex.glsl */; };
		B525E3E01C895A3000C691C0 /* BenGameEngineBundle.bundle in Resources */ = {isa = PBXBuildFile; fileRef = B525E3D61C8959D200C691C0 /* BenGameEngineBundle.bundle */; };
		B525E3E41C895FC500C691C0 /* BenGameEngineTestApp.cpp in Sources */ = {isa = PBXBuildFile; fileRef = B525E3E21C895FC500C691C0 /* BenGameEngineTestApp.cpp */; };
		B525E3E61C895FCC00C691C0 /* item_powerup_fish.png in Resources */ = {isa = PBXBuildFile; fileRef = B525E3E51C895FCC00C691C0 /* item_powerup_fish.png */; };
		B525E3EA1C8960BA00C691C0 /* GLKit.framework in Frameworks */ = {isa = PBXBuildFile; fileRef = B525E3E91C8960BA00C691C0 /* GLKit.framework */; };
		B52B760D1CBA183900758249 /* Material.cpp in Sources */ = {isa = PBXBuildFile; fileRef = B52B760B1CBA183900758249 /* Material.cpp */; };
		B52B76111CBA2C7F00758249 /* RenderComponent.cpp in Sources */ = {isa = PBXBuildFile; fileRef = B52B760F1CBA2C7F00758249 /* RenderComponent.cpp */; };
		B52B76141CBADF5E00758249 /* MaterialService.cpp in Sources */ = {isa = PBXBuildFile; fileRef = B52B76121CBADF5E00758249 /* MaterialService.cpp */; };
		B52BFB081D000C650040A839 /* StringArrayBuilder.cpp in Sources */ = {isa = PBXBuildFile; fileRef = B52BFB061D000C650040A839 /* StringArrayBuilder.cpp */; };
		B547F17A1D125BB70031AF58 /* ChannelFrameAnimatorComponent.cpp in Sources */ = {isa = PBXBuildFile; fileRef = B547F1781D125BB70031AF58 /* ChannelFrameAnimatorComponent.cpp */; };
		B547F17D1D125BD00031AF58 /* FrameAnimatorComponent.cpp in Sources */ = {isa = PBXBuildFile; fileRef = B547F17B1D125BD00031AF58 /* FrameAnimatorComponent.cpp */; };
		B54821F61CD87A8A0073AFCC /* AnimationSequenceComponent.cpp in Sources */ = {isa = PBXBuildFile; fileRef = B54821F41CD87A8A0073AFCC /* AnimationSequenceComponent.cpp */; };
		B54821F91CD9AD970073AFCC /* AnimationChannelComponent.cpp in Sources */ = {isa = PBXBuildFile; fileRef = B54821F71CD9AD970073AFCC /* AnimationChannelComponent.cpp */; };
		B571F1731C915AAD007F5A90 /* ColorMatrixTextureVertex.glsl in Resources */ = {isa = PBXBuildFile; fileRef = B571F1711C915A4B007F5A90 /* ColorMatrixTextureVertex.glsl */; };
		B571F1751C929DCE007F5A90 /* ColorMatrixTextureFragment.glsl in Resources */ = {isa = PBXBuildFile; fileRef = B571F1721C915A69007F5A90 /* ColorMatrixTextureFragment.glsl */; };
		B571F1771C93B604007F5A90 /* sample.png in Resources */ = {isa = PBXBuildFile; fileRef = B571F1761C93B604007F5A90 /* sample.png */; };
		B571F1791C95256A007F5A90 /* MaskColorMatrixTextureVertex.glsl in Resources */ = {isa = PBXBuildFile; fileRef = B571F1781C95256A007F5A90 /* MaskColorMatrixTextureVertex.glsl */; };
		B571F17B1C95258A007F5A90 /* MaskColorMatrixTextureFragment.glsl in Resources */ = {isa = PBXBuildFile; fileRef = B571F17A1C95258A007F5A90 /* MaskColorMatrixTextureFragment.glsl */; };
		B571F1801C97D88E007F5A90 /* FontService.cpp in Sources */ = {isa = PBXBuildFile; fileRef = B571F17E1C97D88E007F5A90 /* FontService.cpp */; };
		B571F1831C97D92E007F5A90 /* Font.cpp in Sources */ = {isa = PBXBuildFile; fileRef = B571F1811C97D92E007F5A90 /* Font.cpp */; };
		B571F18B1C992B3D007F5A90 /* lazy.ttf in Resources */ = {isa = PBXBuildFile; fileRef = B571F18A1C992B3D007F5A90 /* lazy.ttf */; };
		B571F18D1C992ECE007F5A90 /* libfreetype.a in Frameworks */ = {isa = PBXBuildFile; fileRef = B571F18C1C992ECE007F5A90 /* libfreetype.a */; };
		B571F1901C9D0A34007F5A90 /* FontGlyph.cpp in Sources */ = {isa = PBXBuildFile; fileRef = B571F18E1C9D0A34007F5A90 /* FontGlyph.cpp */; };
		B571F1931C9D24E0007F5A90 /* TextureAtlasOpenGLES2.cpp in Sources */ = {isa = PBXBuildFile; fileRef = B571F1911C9D24E0007F5A90 /* TextureAtlasOpenGLES2.cpp */; };
		B571F1951C9E1B94007F5A90 /* FontVertex.glsl in Resources */ = {isa = PBXBuildFile; fileRef = B571F1941C9E1B94007F5A90 /* FontVertex.glsl */; };
		B571F1971C9E1BA4007F5A90 /* FontFragment.glsl in Resources */ = {isa = PBXBuildFile; fileRef = B571F1961C9E1BA4007F5A90 /* FontFragment.glsl */; };
		B5ACE88F1CBB08D5004B6871 /* TransformComponentTests.m in Sources */ = {isa = PBXBuildFile; fileRef = B5ACE88D1CBB08D2004B6871 /* TransformComponentTests.m */; };
		B5ACE8921CBB56CE004B6871 /* ComponentService.cpp in Sources */ = {isa = PBXBuildFile; fileRef = B5ACE8901CBB56CE004B6871 /* ComponentService.cpp */; };
		B5ACE8951CBF7B00004B6871 /* LineRenderComponent.cpp in Sources */ = {isa = PBXBuildFile; fileRef = B5ACE8931CBF7AFF004B6871 /* LineRenderComponent.cpp */; };
		B5AE8C9A1CEC44E100FAA0DC /* ScenePackage.cpp in Sources */ = {isa = PBXBuildFile; fileRef = B5AE8C981CEC44E100FAA0DC /* ScenePackage.cpp */; };
		B5AE8CB11CF2DB5500FAA0DC /* buybuttonbezel@2x.png in Resources */ = {isa = PBXBuildFile; fileRef = B5AE8C9C1CF2DB5500FAA0DC /* buybuttonbezel@2x.png */; };
		B5AE8CB21CF2DB5500FAA0DC /* buybuttonbkg@2x.png in Resources */ = {isa = PBXBuildFile; fileRef = B5AE8C9D1CF2DB5500FAA0DC /* buybuttonbkg@2x.png */; };
		B5AE8CB31CF2DB5500FAA0DC /* buybuttoninsetbkg@2x.png in Resources */ = {isa = PBXBuildFile; fileRef = B5AE8C9E1CF2DB5500FAA0DC /* buybuttoninsetbkg@2x.png */; };
		B5AE8CB41CF2DB5500FAA0DC /* buyglare@2x.png in Resources */ = {isa = PBXBuildFile; fileRef = B5AE8C9F1CF2DB5500FAA0DC /* buyglare@2x.png */; };
		B5AE8CB51CF2DB5500FAA0DC /* cashbkg@2x.png in Resources */ = {isa = PBXBuildFile; fileRef = B5AE8CA01CF2DB5500FAA0DC /* cashbkg@2x.png */; };
		B5AE8CB61CF2DB5500FAA0DC /* coinicon@2x.png in Resources */ = {isa = PBXBuildFile; fileRef = B5AE8CA11CF2DB5500FAA0DC /* coinicon@2x.png */; };
		B5AE8CB71CF2DB5500FAA0DC /* Common-iPh6.json in Resources */ = {isa = PBXBuildFile; fileRef = B5AE8CA21CF2DB5500FAA0DC /* Common-iPh6.json */; };
		B5AE8CB81CF2DB5500FAA0DC /* genericunknownphoto@2x.png in Resources */ = {isa = PBXBuildFile; fileRef = B5AE8CA31CF2DB5500FAA0DC /* genericunknownphoto@2x.png */; };
		B5AE8CB91CF2DB5500FAA0DC /* infobezel@2x.png in Resources */ = {isa = PBXBuildFile; fileRef = B5AE8CA41CF2DB5500FAA0DC /* infobezel@2x.png */; };
		B5AE8CBA1CF2DB5500FAA0DC /* infobuttonbkg@2x.png in Resources */ = {isa = PBXBuildFile; fileRef = B5AE8CA51CF2DB5500FAA0DC /* infobuttonbkg@2x.png */; };
		B5AE8CBB1CF2DB5500FAA0DC /* infodisabled@2x.png in Resources */ = {isa = PBXBuildFile; fileRef = B5AE8CA61CF2DB5500FAA0DC /* infodisabled@2x.png */; };
		B5AE8CBC1CF2DB5500FAA0DC /* salebkg@2x.png in Resources */ = {isa = PBXBuildFile; fileRef = B5AE8CA71CF2DB5500FAA0DC /* salebkg@2x.png */; };
		B5AE8CBD1CF2DB5500FAA0DC /* salelabel@2x.png in Resources */ = {isa = PBXBuildFile; fileRef = B5AE8CA81CF2DB5500FAA0DC /* salelabel@2x.png */; };
		B5AE8CBE1CF2DB5500FAA0DC /* settingsbuttonbezel@2x.png in Resources */ = {isa = PBXBuildFile; fileRef = B5AE8CA91CF2DB5500FAA0DC /* settingsbuttonbezel@2x.png */; };
		B5AE8CBF1CF2DB5500FAA0DC /* settingsbuttonbkg@2x.png in Resources */ = {isa = PBXBuildFile; fileRef = B5AE8CAA1CF2DB5500FAA0DC /* settingsbuttonbkg@2x.png */; };
		B5AE8CC01CF2DB5500FAA0DC /* settingsbuttoninsetbkg@2x.png in Resources */ = {isa = PBXBuildFile; fileRef = B5AE8CAB1CF2DB5500FAA0DC /* settingsbuttoninsetbkg@2x.png */; };
		B5AE8CC11CF2DB5500FAA0DC /* settingsdisabled@2x.png in Resources */ = {isa = PBXBuildFile; fileRef = B5AE8CAC1CF2DB5500FAA0DC /* settingsdisabled@2x.png */; };
		B5AE8CC21CF2DB5500FAA0DC /* xpbkg@2x.png in Resources */ = {isa = PBXBuildFile; fileRef = B5AE8CAD1CF2DB5500FAA0DC /* xpbkg@2x.png */; };
		B5AE8CC31CF2DB5500FAA0DC /* xpfill@2x.png in Resources */ = {isa = PBXBuildFile; fileRef = B5AE8CAE1CF2DB5500FAA0DC /* xpfill@2x.png */; };
		B5AE8CC41CF2DB5500FAA0DC /* xpfillglare@2x.png in Resources */ = {isa = PBXBuildFile; fileRef = B5AE8CAF1CF2DB5500FAA0DC /* xpfillglare@2x.png */; };
		B5AE8CC51CF2DB5500FAA0DC /* xpicon@2x.png in Resources */ = {isa = PBXBuildFile; fileRef = B5AE8CB01CF2DB5500FAA0DC /* xpicon@2x.png */; };
		B5DCDA231CE2F9F100CBF0A6 /* HandleTests.m in Sources */ = {isa = PBXBuildFile; fileRef = B5DCDA221CE2F9F100CBF0A6 /* HandleTests.m */; };
		B5DCDA261CE59F7400CBF0A6 /* ScenePackageService.cpp in Sources */ = {isa = PBXBuildFile; fileRef = B5DCDA241CE59F7400CBF0A6 /* ScenePackageService.cpp */; };
		B5E7B9B61CC35B5900978F1A /* LineVertex.glsl in Resources */ = {isa = PBXBuildFile; fileRef = B5E7B9B51CC35B5000978F1A /* LineVertex.glsl */; };
		B5E7B9B71CC35B5D00978F1A /* LineFragment.glsl in Resources */ = {isa = PBXBuildFile; fileRef = B5E7B9B41CC35B5000978F1A /* LineFragment.glsl */; };
		B5E7B9BA1CC46A7500978F1A /* FlatRectRenderComponent.cpp in Sources */ = {isa = PBXBuildFile; fileRef = B5E7B9B81CC46A7500978F1A /* FlatRectRenderComponent.cpp */; };
		B5EE9D6C1CC4A4C8005D99CC /* SpriteRenderComponent.cpp in Sources */ = {isa = PBXBuildFile; fileRef = B5EE9D6A1CC4A4C8005D99CC /* SpriteRenderComponent.cpp */; };
		B5F523131CD9C77E00DE2F82 /* GraphicFormats.cpp in Sources */ = {isa = PBXBuildFile; fileRef = B5F523111CD9C77E00DE2F82 /* GraphicFormats.cpp */; };
		B5F6B16A1CC8AF7A00E1FD45 /* Space.cpp in Sources */ = {isa = PBXBuildFile; fileRef = B5F6B1681CC8AF7A00E1FD45 /* Space.cpp */; };
		B5F6B16D1CC8B06E00E1FD45 /* SpaceService.cpp in Sources */ = {isa = PBXBuildFile; fileRef = B5F6B16B1CC8B06E00E1FD45 /* SpaceService.cpp */; };
/* End PBXBuildFile section */

/* Begin PBXContainerItemProxy section */
		B508CD9E1CAF95A000127B97 /* PBXContainerItemProxy */ = {
			isa = PBXContainerItemProxy;
			containerPortal = B525E3531C8950DA00C691C0 /* Project object */;
			proxyType = 1;
			remoteGlobalIDString = B525E35A1C8950DA00C691C0;
			remoteInfo = BenGameEngine;
		};
		B525E3821C8957B900C691C0 /* PBXContainerItemProxy */ = {
			isa = PBXContainerItemProxy;
			containerPortal = B525E3531C8950DA00C691C0 /* Project object */;
			proxyType = 1;
			remoteGlobalIDString = B525E35A1C8950DA00C691C0;
			remoteInfo = BenGameEngine;
		};
		B525E3E71C89602A00C691C0 /* PBXContainerItemProxy */ = {
			isa = PBXContainerItemProxy;
			containerPortal = B525E3531C8950DA00C691C0 /* Project object */;
			proxyType = 1;
			remoteGlobalIDString = B525E3D51C8959D200C691C0;
			remoteInfo = BenGameEngineBundle;
		};
/* End PBXContainerItemProxy section */

/* Begin PBXCopyFilesBuildPhase section */
		B525E3591C8950DA00C691C0 /* CopyFiles */ = {
			isa = PBXCopyFilesBuildPhase;
			buildActionMask = 2147483647;
			dstPath = "include/$(PRODUCT_NAME)";
			dstSubfolderSpec = 16;
			files = (
			);
			runOnlyForDeploymentPostprocessing = 0;
		};
/* End PBXCopyFilesBuildPhase section */

/* Begin PBXFileReference section */
		B50326F21D1F4BA100156217 /* FontInfo.h */ = {isa = PBXFileReference; fileEncoding = 4; lastKnownFileType = sourcecode.c.h; path = FontInfo.h; sourceTree = "<group>"; };
		B50326F41D20846500156217 /* FontInfo.cpp */ = {isa = PBXFileReference; fileEncoding = 4; lastKnownFileType = sourcecode.cpp.cpp; path = FontInfo.cpp; sourceTree = "<group>"; };
		B508CD871CA0ABA200127B97 /* TextureBase.cpp */ = {isa = PBXFileReference; explicitFileType = sourcecode.cpp.objcpp; fileEncoding = 4; path = TextureBase.cpp; sourceTree = "<group>"; };
		B508CD881CA0ABA200127B97 /* TextureBase.h */ = {isa = PBXFileReference; fileEncoding = 4; lastKnownFileType = sourcecode.c.h; path = TextureBase.h; sourceTree = "<group>"; };
		B508CD8D1CA8ABA100127B97 /* Arial Black.ttf */ = {isa = PBXFileReference; lastKnownFileType = file; path = "Arial Black.ttf"; sourceTree = "<group>"; };
		B508CD8F1CA901B700127B97 /* Avenir.ttc */ = {isa = PBXFileReference; lastKnownFileType = file; path = Avenir.ttc; sourceTree = "<group>"; };
		B508CD911CAE285000127B97 /* TransformComponent.cpp */ = {isa = PBXFileReference; fileEncoding = 4; lastKnownFileType = sourcecode.cpp.cpp; name = TransformComponent.cpp; path = components/TransformComponent.cpp; sourceTree = "<group>"; };
		B508CD921CAE285000127B97 /* TransformComponent.h */ = {isa = PBXFileReference; fileEncoding = 4; lastKnownFileType = sourcecode.c.h; name = TransformComponent.h; path = components/TransformComponent.h; sourceTree = "<group>"; };
		B508CD981CAF95A000127B97 /* BGEGameObjectAndComponentTests.xctest */ = {isa = PBXFileReference; explicitFileType = wrapper.cfbundle; includeInIndex = 0; path = BGEGameObjectAndComponentTests.xctest; sourceTree = BUILT_PRODUCTS_DIR; };
		B508CD9C1CAF95A000127B97 /* Info.plist */ = {isa = PBXFileReference; lastKnownFileType = text.plist; name = Info.plist; path = BGEGameObjectAndComponentTests/Info.plist; sourceTree = "<group>"; };
		B508CDA31CB4DD5B00127B97 /* Component.cpp */ = {isa = PBXFileReference; fileEncoding = 4; lastKnownFileType = sourcecode.cpp.cpp; path = Component.cpp; sourceTree = "<group>"; };
		B508CDA41CB4DD5B00127B97 /* Component.h */ = {isa = PBXFileReference; fileEncoding = 4; lastKnownFileType = sourcecode.c.h; path = Component.h; sourceTree = "<group>"; };
		B508CDA61CB4DE6D00127B97 /* GameObject.cpp */ = {isa = PBXFileReference; fileEncoding = 4; lastKnownFileType = sourcecode.cpp.cpp; path = GameObject.cpp; sourceTree = "<group>"; };
		B508CDA71CB4DE6D00127B97 /* GameObject.h */ = {isa = PBXFileReference; fileEncoding = 4; lastKnownFileType = sourcecode.c.h; path = GameObject.h; sourceTree = "<group>"; };
		B508CDA91CB4DE8E00127B97 /* Object.cpp */ = {isa = PBXFileReference; fileEncoding = 4; lastKnownFileType = sourcecode.cpp.cpp; path = Object.cpp; sourceTree = "<group>"; };
		B508CDAA1CB4DE8E00127B97 /* Object.h */ = {isa = PBXFileReference; fileEncoding = 4; lastKnownFileType = sourcecode.c.h; path = Object.h; sourceTree = "<group>"; };
		B508CDAC1CB78DA100127B97 /* GameObjectService.cpp */ = {isa = PBXFileReference; explicitFileType = sourcecode.cpp.objcpp; fileEncoding = 4; path = GameObjectService.cpp; sourceTree = "<group>"; };
		B508CDAD1CB78DA100127B97 /* GameObjectService.h */ = {isa = PBXFileReference; fileEncoding = 4; lastKnownFileType = sourcecode.c.h; path = GameObjectService.h; sourceTree = "<group>"; };
		B50A1F9C1D092A3C004B450E /* TextComponent.cpp */ = {isa = PBXFileReference; explicitFileType = sourcecode.cpp.objcpp; fileEncoding = 4; name = TextComponent.cpp; path = components/TextComponent.cpp; sourceTree = "<group>"; };
		B50A1F9D1D092A3C004B450E /* TextComponent.h */ = {isa = PBXFileReference; fileEncoding = 4; lastKnownFileType = sourcecode.c.h; name = TextComponent.h; path = components/TextComponent.h; sourceTree = "<group>"; };
		B50A1F9F1D0E762F004B450E /* AnimatorComponent.cpp */ = {isa = PBXFileReference; fileEncoding = 4; lastKnownFileType = sourcecode.cpp.cpp; name = AnimatorComponent.cpp; path = components/AnimatorComponent.cpp; sourceTree = "<group>"; };
		B50A1FA01D0E762F004B450E /* AnimatorComponent.h */ = {isa = PBXFileReference; fileEncoding = 4; lastKnownFileType = sourcecode.c.h; name = AnimatorComponent.h; path = components/AnimatorComponent.h; sourceTree = "<group>"; };
		B50A1FA21D0E8B2A004B450E /* AnimationService.cpp */ = {isa = PBXFileReference; explicitFileType = sourcecode.cpp.objcpp; fileEncoding = 4; path = AnimationService.cpp; sourceTree = "<group>"; };
		B50A1FA31D0E8B2A004B450E /* AnimationService.h */ = {isa = PBXFileReference; fileEncoding = 4; lastKnownFileType = sourcecode.c.h; path = AnimationService.h; sourceTree = "<group>"; };
		B50F5FFE1CD3418200A5D017 /* Handle.h */ = {isa = PBXFileReference; fileEncoding = 4; lastKnownFileType = sourcecode.c.h; path = Handle.h; sourceTree = "<group>"; };
		B50F60011CD343E400A5D017 /* HandleService.h */ = {isa = PBXFileReference; fileEncoding = 4; lastKnownFileType = sourcecode.c.h; path = HandleService.h; sourceTree = "<group>"; };
		B51F32CA1C9EE94E00B9F658 /* AppleGothic.ttf */ = {isa = PBXFileReference; lastKnownFileType = file; path = AppleGothic.ttf; sourceTree = "<group>"; };
		B525E35B1C8950DA00C691C0 /* libBenGameEngine.a */ = {isa = PBXFileReference; explicitFileType = archive.ar; includeInIndex = 0; path = libBenGameEngine.a; sourceTree = BUILT_PRODUCTS_DIR; };
		B525E36B1C8957A700C691C0 /* BenGameEngineTestApp.app */ = {isa = PBXFileReference; explicitFileType = wrapper.application; includeInIndex = 0; path = BenGameEngineTestApp.app; sourceTree = BUILT_PRODUCTS_DIR; };
		B525E36E1C8957A700C691C0 /* main.m */ = {isa = PBXFileReference; lastKnownFileType = sourcecode.c.objc; path = main.m; sourceTree = "<group>"; };
		B525E3701C8957A700C691C0 /* AppDelegate.h */ = {isa = PBXFileReference; lastKnownFileType = sourcecode.c.h; path = AppDelegate.h; sourceTree = "<group>"; };
		B525E3711C8957A700C691C0 /* AppDelegate.m */ = {isa = PBXFileReference; explicitFileType = sourcecode.cpp.objcpp; path = AppDelegate.m; sourceTree = "<group>"; };
		B525E3731C8957A700C691C0 /* ViewController.h */ = {isa = PBXFileReference; lastKnownFileType = sourcecode.c.h; path = ViewController.h; sourceTree = "<group>"; };
		B525E3741C8957A700C691C0 /* ViewController.m */ = {isa = PBXFileReference; explicitFileType = sourcecode.cpp.objcpp; path = ViewController.m; sourceTree = "<group>"; };
		B525E3771C8957A700C691C0 /* Base */ = {isa = PBXFileReference; lastKnownFileType = file.storyboard; name = Base; path = Base.lproj/Main.storyboard; sourceTree = "<group>"; };
		B525E3791C8957A700C691C0 /* Assets.xcassets */ = {isa = PBXFileReference; lastKnownFileType = folder.assetcatalog; path = Assets.xcassets; sourceTree = "<group>"; };
		B525E37C1C8957A700C691C0 /* Base */ = {isa = PBXFileReference; lastKnownFileType = file.storyboard; name = Base; path = Base.lproj/LaunchScreen.storyboard; sourceTree = "<group>"; };
		B525E37E1C8957A700C691C0 /* Info.plist */ = {isa = PBXFileReference; lastKnownFileType = text.plist.xml; path = Info.plist; sourceTree = "<group>"; };
		B525E3851C89587000C691C0 /* Error.cpp */ = {isa = PBXFileReference; explicitFileType = sourcecode.cpp.objcpp; fileEncoding = 4; path = Error.cpp; sourceTree = "<group>"; };
		B525E3861C89587000C691C0 /* Error.h */ = {isa = PBXFileReference; fileEncoding = 4; lastKnownFileType = sourcecode.c.h; path = Error.h; sourceTree = "<group>"; };
		B525E3871C89587000C691C0 /* Game.cpp */ = {isa = PBXFileReference; explicitFileType = sourcecode.cpp.objcpp; fileEncoding = 4; path = Game.cpp; sourceTree = "<group>"; };
		B525E3881C89587000C691C0 /* Game.h */ = {isa = PBXFileReference; fileEncoding = 4; lastKnownFileType = sourcecode.c.h; path = Game.h; sourceTree = "<group>"; };
		B525E38B1C89587000C691C0 /* BGEHeartbeatIOS.h */ = {isa = PBXFileReference; fileEncoding = 4; lastKnownFileType = sourcecode.c.h; path = BGEHeartbeatIOS.h; sourceTree = "<group>"; };
		B525E38C1C89587000C691C0 /* BGEHeartbeatIOS.m */ = {isa = PBXFileReference; explicitFileType = sourcecode.cpp.objcpp; fileEncoding = 4; path = BGEHeartbeatIOS.m; sourceTree = "<group>"; };
		B525E38D1C89587000C691C0 /* HeartbeatService.cpp */ = {isa = PBXFileReference; explicitFileType = sourcecode.cpp.objcpp; fileEncoding = 4; path = HeartbeatService.cpp; sourceTree = "<group>"; };
		B525E38E1C89587000C691C0 /* HeartbeatService.h */ = {isa = PBXFileReference; fileEncoding = 4; lastKnownFileType = sourcecode.c.h; path = HeartbeatService.h; sourceTree = "<group>"; };
		B525E38F1C89587000C691C0 /* MathTypes.cpp */ = {isa = PBXFileReference; explicitFileType = sourcecode.cpp.objcpp; fileEncoding = 4; path = MathTypes.cpp; sourceTree = "<group>"; };
		B525E3901C89587000C691C0 /* MathTypes.h */ = {isa = PBXFileReference; fileEncoding = 4; lastKnownFileType = sourcecode.c.h; path = MathTypes.h; sourceTree = "<group>"; };
		B525E3911C89587000C691C0 /* RenderContext.cpp */ = {isa = PBXFileReference; explicitFileType = sourcecode.cpp.objcpp; fileEncoding = 4; path = RenderContext.cpp; sourceTree = "<group>"; };
		B525E3921C89587000C691C0 /* RenderContext.h */ = {isa = PBXFileReference; fileEncoding = 4; lastKnownFileType = sourcecode.c.h; path = RenderContext.h; sourceTree = "<group>"; };
		B525E3931C89587000C691C0 /* RenderContextOpenGLES2.cpp */ = {isa = PBXFileReference; explicitFileType = sourcecode.cpp.objcpp; fileEncoding = 4; name = RenderContextOpenGLES2.cpp; path = opengles2/RenderContextOpenGLES2.cpp; sourceTree = "<group>"; };
		B525E3941C89587000C691C0 /* RenderContextOpenGLES2.h */ = {isa = PBXFileReference; fileEncoding = 4; lastKnownFileType = sourcecode.c.h; name = RenderContextOpenGLES2.h; path = opengles2/RenderContextOpenGLES2.h; sourceTree = "<group>"; };
		B525E3951C89587000C691C0 /* RenderService.cpp */ = {isa = PBXFileReference; explicitFileType = sourcecode.cpp.objcpp; fileEncoding = 4; path = RenderService.cpp; sourceTree = "<group>"; };
		B525E3961C89587000C691C0 /* RenderService.h */ = {isa = PBXFileReference; fileEncoding = 4; lastKnownFileType = sourcecode.c.h; path = RenderService.h; sourceTree = "<group>"; };
		B525E3971C89587000C691C0 /* RenderServiceOpenGLES2.cpp */ = {isa = PBXFileReference; explicitFileType = sourcecode.cpp.objcpp; fileEncoding = 4; name = RenderServiceOpenGLES2.cpp; path = opengles2/RenderServiceOpenGLES2.cpp; sourceTree = "<group>"; };
		B525E3981C89587000C691C0 /* RenderServiceOpenGLES2.h */ = {isa = PBXFileReference; fileEncoding = 4; lastKnownFileType = sourcecode.c.h; name = RenderServiceOpenGLES2.h; path = opengles2/RenderServiceOpenGLES2.h; sourceTree = "<group>"; };
		B525E3991C89587000C691C0 /* RenderView.cpp */ = {isa = PBXFileReference; explicitFileType = sourcecode.cpp.objcpp; fileEncoding = 4; path = RenderView.cpp; sourceTree = "<group>"; };
		B525E39A1C89587000C691C0 /* RenderView.h */ = {isa = PBXFileReference; fileEncoding = 4; lastKnownFileType = sourcecode.c.h; path = RenderView.h; sourceTree = "<group>"; };
		B525E39B1C89587000C691C0 /* RenderWindow.cpp */ = {isa = PBXFileReference; explicitFileType = sourcecode.cpp.objcpp; fileEncoding = 4; path = RenderWindow.cpp; sourceTree = "<group>"; };
		B525E39C1C89587000C691C0 /* RenderWindow.h */ = {isa = PBXFileReference; fileEncoding = 4; lastKnownFileType = sourcecode.c.h; path = RenderWindow.h; sourceTree = "<group>"; };
		B525E39D1C89587000C691C0 /* Service.cpp */ = {isa = PBXFileReference; explicitFileType = sourcecode.cpp.objcpp; fileEncoding = 4; path = Service.cpp; sourceTree = "<group>"; };
		B525E39E1C89587000C691C0 /* Service.h */ = {isa = PBXFileReference; fileEncoding = 4; lastKnownFileType = sourcecode.c.h; path = Service.h; sourceTree = "<group>"; };
		B525E39F1C89587000C691C0 /* Shader.cpp */ = {isa = PBXFileReference; explicitFileType = sourcecode.cpp.objcpp; fileEncoding = 4; path = Shader.cpp; sourceTree = "<group>"; };
		B525E3A01C89587000C691C0 /* Shader.h */ = {isa = PBXFileReference; fileEncoding = 4; lastKnownFileType = sourcecode.c.h; path = Shader.h; sourceTree = "<group>"; };
		B525E3A11C89587000C691C0 /* ShaderOpenGLES2.cpp */ = {isa = PBXFileReference; explicitFileType = sourcecode.cpp.objcpp; fileEncoding = 4; name = ShaderOpenGLES2.cpp; path = opengles2/ShaderOpenGLES2.cpp; sourceTree = "<group>"; };
		B525E3A21C89587000C691C0 /* ShaderOpenGLES2.h */ = {isa = PBXFileReference; fileEncoding = 4; lastKnownFileType = sourcecode.c.h; name = ShaderOpenGLES2.h; path = opengles2/ShaderOpenGLES2.h; sourceTree = "<group>"; };
		B525E3A31C89587000C691C0 /* ShaderProgram.cpp */ = {isa = PBXFileReference; explicitFileType = sourcecode.cpp.objcpp; fileEncoding = 4; path = ShaderProgram.cpp; sourceTree = "<group>"; };
		B525E3A41C89587000C691C0 /* ShaderProgram.h */ = {isa = PBXFileReference; fileEncoding = 4; lastKnownFileType = sourcecode.c.h; path = ShaderProgram.h; sourceTree = "<group>"; };
		B525E3A51C89587000C691C0 /* ShaderProgramOpenGLES2.cpp */ = {isa = PBXFileReference; explicitFileType = sourcecode.cpp.objcpp; fileEncoding = 4; name = ShaderProgramOpenGLES2.cpp; path = opengles2/ShaderProgramOpenGLES2.cpp; sourceTree = "<group>"; };
		B525E3A61C89587000C691C0 /* ShaderProgramOpenGLES2.h */ = {isa = PBXFileReference; fileEncoding = 4; lastKnownFileType = sourcecode.c.h; name = ShaderProgramOpenGLES2.h; path = opengles2/ShaderProgramOpenGLES2.h; sourceTree = "<group>"; };
		B525E3A71C89587000C691C0 /* ShaderService.cpp */ = {isa = PBXFileReference; explicitFileType = sourcecode.cpp.objcpp; fileEncoding = 4; path = ShaderService.cpp; sourceTree = "<group>"; };
		B525E3A81C89587000C691C0 /* ShaderService.h */ = {isa = PBXFileReference; fileEncoding = 4; lastKnownFileType = sourcecode.c.h; path = ShaderService.h; sourceTree = "<group>"; };
		B525E3A91C89587000C691C0 /* ShaderServiceOpenGLES2.cpp */ = {isa = PBXFileReference; explicitFileType = sourcecode.cpp.objcpp; fileEncoding = 4; name = ShaderServiceOpenGLES2.cpp; path = opengles2/ShaderServiceOpenGLES2.cpp; sourceTree = "<group>"; };
		B525E3AA1C89587000C691C0 /* ShaderServiceOpenGLES2.h */ = {isa = PBXFileReference; fileEncoding = 4; lastKnownFileType = sourcecode.c.h; name = ShaderServiceOpenGLES2.h; path = opengles2/ShaderServiceOpenGLES2.h; sourceTree = "<group>"; };
		B525E3AB1C89587000C691C0 /* Texture.cpp */ = {isa = PBXFileReference; explicitFileType = sourcecode.cpp.objcpp; fileEncoding = 4; path = Texture.cpp; sourceTree = "<group>"; };
		B525E3AC1C89587000C691C0 /* Texture.h */ = {isa = PBXFileReference; fileEncoding = 4; lastKnownFileType = sourcecode.c.h; path = Texture.h; sourceTree = "<group>"; };
		B525E3AD1C89587000C691C0 /* TextureAtlas.cpp */ = {isa = PBXFileReference; explicitFileType = sourcecode.cpp.objcpp; fileEncoding = 4; path = TextureAtlas.cpp; sourceTree = "<group>"; };
		B525E3AE1C89587000C691C0 /* TextureAtlas.h */ = {isa = PBXFileReference; fileEncoding = 4; lastKnownFileType = sourcecode.c.h; path = TextureAtlas.h; sourceTree = "<group>"; };
		B525E3AF1C89587000C691C0 /* TextureOpenGLES2.cpp */ = {isa = PBXFileReference; explicitFileType = sourcecode.cpp.objcpp; fileEncoding = 4; name = TextureOpenGLES2.cpp; path = opengles2/TextureOpenGLES2.cpp; sourceTree = "<group>"; };
		B525E3B01C89587000C691C0 /* TextureOpenGLES2.h */ = {isa = PBXFileReference; fileEncoding = 4; lastKnownFileType = sourcecode.c.h; name = TextureOpenGLES2.h; path = opengles2/TextureOpenGLES2.h; sourceTree = "<group>"; };
		B525E3B11C89587000C691C0 /* TextureService.cpp */ = {isa = PBXFileReference; explicitFileType = sourcecode.cpp.objcpp; fileEncoding = 4; path = TextureService.cpp; sourceTree = "<group>"; };
		B525E3B21C89587000C691C0 /* TextureService.h */ = {isa = PBXFileReference; fileEncoding = 4; lastKnownFileType = sourcecode.c.h; path = TextureService.h; sourceTree = "<group>"; };
		B525E3B31C89587000C691C0 /* TextureServiceOpenGLES2.cpp */ = {isa = PBXFileReference; explicitFileType = sourcecode.cpp.objcpp; fileEncoding = 4; name = TextureServiceOpenGLES2.cpp; path = opengles2/TextureServiceOpenGLES2.cpp; sourceTree = "<group>"; };
		B525E3B41C89587000C691C0 /* TextureServiceOpenGLES2.h */ = {isa = PBXFileReference; fileEncoding = 4; lastKnownFileType = sourcecode.c.h; name = TextureServiceOpenGLES2.h; path = opengles2/TextureServiceOpenGLES2.h; sourceTree = "<group>"; };
		B525E3CE1C89588700C691C0 /* SimpleFragment.glsl */ = {isa = PBXFileReference; fileEncoding = 4; lastKnownFileType = text; name = SimpleFragment.glsl; path = shaders/SimpleFragment.glsl; sourceTree = "<group>"; };
		B525E3CF1C89588700C691C0 /* SimpleVertex.glsl */ = {isa = PBXFileReference; fileEncoding = 4; lastKnownFileType = text; name = SimpleVertex.glsl; path = shaders/SimpleVertex.glsl; sourceTree = "<group>"; };
		B525E3D01C89588700C691C0 /* TextureFragment.glsl */ = {isa = PBXFileReference; fileEncoding = 4; lastKnownFileType = text; name = TextureFragment.glsl; path = shaders/TextureFragment.glsl; sourceTree = "<group>"; };
		B525E3D11C89588700C691C0 /* TextureVertex.glsl */ = {isa = PBXFileReference; fileEncoding = 4; lastKnownFileType = text; name = TextureVertex.glsl; path = shaders/TextureVertex.glsl; sourceTree = "<group>"; };
		B525E3D61C8959D200C691C0 /* BenGameEngineBundle.bundle */ = {isa = PBXFileReference; explicitFileType = wrapper.cfbundle; includeInIndex = 0; path = BenGameEngineBundle.bundle; sourceTree = BUILT_PRODUCTS_DIR; };
		B525E3D81C8959D200C691C0 /* Info.plist */ = {isa = PBXFileReference; lastKnownFileType = text.plist.xml; path = Info.plist; sourceTree = "<group>"; };
		B525E3E21C895FC500C691C0 /* BenGameEngineTestApp.cpp */ = {isa = PBXFileReference; explicitFileType = sourcecode.cpp.objcpp; fileEncoding = 4; path = BenGameEngineTestApp.cpp; sourceTree = "<group>"; };
		B525E3E31C895FC500C691C0 /* BenGameEngineTestApp.hpp */ = {isa = PBXFileReference; fileEncoding = 4; lastKnownFileType = sourcecode.cpp.h; path = BenGameEngineTestApp.hpp; sourceTree = "<group>"; };
		B525E3E51C895FCC00C691C0 /* item_powerup_fish.png */ = {isa = PBXFileReference; lastKnownFileType = image.png; name = item_powerup_fish.png; path = textures/item_powerup_fish.png; sourceTree = "<group>"; };
		B525E3E91C8960BA00C691C0 /* GLKit.framework */ = {isa = PBXFileReference; lastKnownFileType = wrapper.framework; name = GLKit.framework; path = System/Library/Frameworks/GLKit.framework; sourceTree = SDKROOT; };
		B52B760B1CBA183900758249 /* Material.cpp */ = {isa = PBXFileReference; fileEncoding = 4; lastKnownFileType = sourcecode.cpp.cpp; path = Material.cpp; sourceTree = "<group>"; };
		B52B760C1CBA183900758249 /* Material.h */ = {isa = PBXFileReference; fileEncoding = 4; lastKnownFileType = sourcecode.c.h; path = Material.h; sourceTree = "<group>"; };
		B52B760F1CBA2C7F00758249 /* RenderComponent.cpp */ = {isa = PBXFileReference; fileEncoding = 4; lastKnownFileType = sourcecode.cpp.cpp; name = RenderComponent.cpp; path = components/RenderComponent.cpp; sourceTree = "<group>"; };
		B52B76101CBA2C7F00758249 /* RenderComponent.h */ = {isa = PBXFileReference; fileEncoding = 4; lastKnownFileType = sourcecode.c.h; name = RenderComponent.h; path = components/RenderComponent.h; sourceTree = "<group>"; };
		B52B76121CBADF5E00758249 /* MaterialService.cpp */ = {isa = PBXFileReference; fileEncoding = 4; lastKnownFileType = sourcecode.cpp.cpp; path = MaterialService.cpp; sourceTree = "<group>"; };
		B52B76131CBADF5E00758249 /* MaterialService.h */ = {isa = PBXFileReference; fileEncoding = 4; lastKnownFileType = sourcecode.c.h; path = MaterialService.h; sourceTree = "<group>"; };
		B52BFB061D000C650040A839 /* StringArrayBuilder.cpp */ = {isa = PBXFileReference; fileEncoding = 4; lastKnownFileType = sourcecode.cpp.cpp; path = StringArrayBuilder.cpp; sourceTree = "<group>"; };
		B52BFB071D000C650040A839 /* StringArrayBuilder.h */ = {isa = PBXFileReference; fileEncoding = 4; lastKnownFileType = sourcecode.c.h; path = StringArrayBuilder.h; sourceTree = "<group>"; };
		B52BFB0A1D00AA750040A839 /* ArrayBuilder.h */ = {isa = PBXFileReference; fileEncoding = 4; lastKnownFileType = sourcecode.c.h; path = ArrayBuilder.h; sourceTree = "<group>"; };
		B52BFB0D1D0138790040A839 /* UniqueArrayBuilder.h */ = {isa = PBXFileReference; fileEncoding = 4; lastKnownFileType = sourcecode.c.h; path = UniqueArrayBuilder.h; sourceTree = "<group>"; };
		B52BFB0F1D0155720040A839 /* FixedArray.h */ = {isa = PBXFileReference; fileEncoding = 4; lastKnownFileType = sourcecode.c.h; path = FixedArray.h; sourceTree = "<group>"; };
		B547F1781D125BB70031AF58 /* ChannelFrameAnimatorComponent.cpp */ = {isa = PBXFileReference; explicitFileType = sourcecode.cpp.objcpp; fileEncoding = 4; name = ChannelFrameAnimatorComponent.cpp; path = components/ChannelFrameAnimatorComponent.cpp; sourceTree = "<group>"; };
		B547F1791D125BB70031AF58 /* ChannelFrameAnimatorComponent.h */ = {isa = PBXFileReference; fileEncoding = 4; lastKnownFileType = sourcecode.c.h; name = ChannelFrameAnimatorComponent.h; path = components/ChannelFrameAnimatorComponent.h; sourceTree = "<group>"; };
		B547F17B1D125BD00031AF58 /* FrameAnimatorComponent.cpp */ = {isa = PBXFileReference; explicitFileType = sourcecode.cpp.objcpp; fileEncoding = 4; name = FrameAnimatorComponent.cpp; path = components/FrameAnimatorComponent.cpp; sourceTree = "<group>"; };
		B547F17C1D125BD00031AF58 /* FrameAnimatorComponent.h */ = {isa = PBXFileReference; fileEncoding = 4; lastKnownFileType = sourcecode.c.h; name = FrameAnimatorComponent.h; path = components/FrameAnimatorComponent.h; sourceTree = "<group>"; };
		B54821F41CD87A8A0073AFCC /* AnimationSequenceComponent.cpp */ = {isa = PBXFileReference; explicitFileType = sourcecode.cpp.objcpp; fileEncoding = 4; name = AnimationSequenceComponent.cpp; path = components/AnimationSequenceComponent.cpp; sourceTree = "<group>"; };
		B54821F51CD87A8A0073AFCC /* AnimationSequenceComponent.h */ = {isa = PBXFileReference; fileEncoding = 4; lastKnownFileType = sourcecode.c.h; name = AnimationSequenceComponent.h; path = components/AnimationSequenceComponent.h; sourceTree = "<group>"; };
		B54821F71CD9AD970073AFCC /* AnimationChannelComponent.cpp */ = {isa = PBXFileReference; explicitFileType = sourcecode.cpp.objcpp; fileEncoding = 4; name = AnimationChannelComponent.cpp; path = components/AnimationChannelComponent.cpp; sourceTree = "<group>"; };
		B54821F81CD9AD970073AFCC /* AnimationChannelComponent.h */ = {isa = PBXFileReference; fileEncoding = 4; lastKnownFileType = sourcecode.c.h; name = AnimationChannelComponent.h; path = components/AnimationChannelComponent.h; sourceTree = "<group>"; };
		B571F1711C915A4B007F5A90 /* ColorMatrixTextureVertex.glsl */ = {isa = PBXFileReference; fileEncoding = 4; lastKnownFileType = text; name = ColorMatrixTextureVertex.glsl; path = shaders/ColorMatrixTextureVertex.glsl; sourceTree = "<group>"; };
		B571F1721C915A69007F5A90 /* ColorMatrixTextureFragment.glsl */ = {isa = PBXFileReference; fileEncoding = 4; lastKnownFileType = text; name = ColorMatrixTextureFragment.glsl; path = shaders/ColorMatrixTextureFragment.glsl; sourceTree = "<group>"; };
		B571F1761C93B604007F5A90 /* sample.png */ = {isa = PBXFileReference; lastKnownFileType = image.png; name = sample.png; path = textures/sample.png; sourceTree = "<group>"; };
		B571F1781C95256A007F5A90 /* MaskColorMatrixTextureVertex.glsl */ = {isa = PBXFileReference; fileEncoding = 4; lastKnownFileType = text; name = MaskColorMatrixTextureVertex.glsl; path = shaders/MaskColorMatrixTextureVertex.glsl; sourceTree = "<group>"; };
		B571F17A1C95258A007F5A90 /* MaskColorMatrixTextureFragment.glsl */ = {isa = PBXFileReference; fileEncoding = 4; lastKnownFileType = text; name = MaskColorMatrixTextureFragment.glsl; path = shaders/MaskColorMatrixTextureFragment.glsl; sourceTree = "<group>"; };
		B571F17D1C97CFB3007F5A90 /* freetype */ = {isa = PBXFileReference; lastKnownFileType = folder; name = freetype; path = external/freetype; sourceTree = "<group>"; };
		B571F17E1C97D88E007F5A90 /* FontService.cpp */ = {isa = PBXFileReference; explicitFileType = sourcecode.cpp.objcpp; fileEncoding = 4; path = FontService.cpp; sourceTree = "<group>"; };
		B571F17F1C97D88E007F5A90 /* FontService.h */ = {isa = PBXFileReference; fileEncoding = 4; lastKnownFileType = sourcecode.c.h; path = FontService.h; sourceTree = "<group>"; };
		B571F1811C97D92E007F5A90 /* Font.cpp */ = {isa = PBXFileReference; explicitFileType = sourcecode.cpp.objcpp; fileEncoding = 4; path = Font.cpp; sourceTree = "<group>"; };
		B571F1821C97D92E007F5A90 /* Font.h */ = {isa = PBXFileReference; fileEncoding = 4; lastKnownFileType = sourcecode.c.h; path = Font.h; sourceTree = "<group>"; };
		B571F18A1C992B3D007F5A90 /* lazy.ttf */ = {isa = PBXFileReference; lastKnownFileType = file; path = lazy.ttf; sourceTree = "<group>"; };
		B571F18C1C992ECE007F5A90 /* libfreetype.a */ = {isa = PBXFileReference; lastKnownFileType = archive.ar; name = libfreetype.a; path = BenGameEngine/external/freetype/lib/libfreetype.a; sourceTree = "<group>"; };
		B571F18E1C9D0A34007F5A90 /* FontGlyph.cpp */ = {isa = PBXFileReference; explicitFileType = sourcecode.cpp.objcpp; fileEncoding = 4; path = FontGlyph.cpp; sourceTree = "<group>"; };
		B571F18F1C9D0A34007F5A90 /* FontGlyph.h */ = {isa = PBXFileReference; fileEncoding = 4; lastKnownFileType = sourcecode.c.h; path = FontGlyph.h; sourceTree = "<group>"; };
		B571F1911C9D24E0007F5A90 /* TextureAtlasOpenGLES2.cpp */ = {isa = PBXFileReference; explicitFileType = sourcecode.cpp.objcpp; fileEncoding = 4; name = TextureAtlasOpenGLES2.cpp; path = opengles2/TextureAtlasOpenGLES2.cpp; sourceTree = "<group>"; };
		B571F1921C9D24E0007F5A90 /* TextureAtlasOpenGLES2.h */ = {isa = PBXFileReference; fileEncoding = 4; lastKnownFileType = sourcecode.c.h; name = TextureAtlasOpenGLES2.h; path = opengles2/TextureAtlasOpenGLES2.h; sourceTree = "<group>"; };
		B571F1941C9E1B94007F5A90 /* FontVertex.glsl */ = {isa = PBXFileReference; fileEncoding = 4; lastKnownFileType = text; name = FontVertex.glsl; path = shaders/FontVertex.glsl; sourceTree = "<group>"; };
		B571F1961C9E1BA4007F5A90 /* FontFragment.glsl */ = {isa = PBXFileReference; fileEncoding = 4; lastKnownFileType = text; name = FontFragment.glsl; path = shaders/FontFragment.glsl; sourceTree = "<group>"; };
		B5ACE88D1CBB08D2004B6871 /* TransformComponentTests.m */ = {isa = PBXFileReference; explicitFileType = sourcecode.cpp.objcpp; fileEncoding = 4; name = TransformComponentTests.m; path = BGEGameObjectAndComponentTests/TransformComponentTests.m; sourceTree = SOURCE_ROOT; };
		B5ACE8901CBB56CE004B6871 /* ComponentService.cpp */ = {isa = PBXFileReference; fileEncoding = 4; lastKnownFileType = sourcecode.cpp.cpp; path = ComponentService.cpp; sourceTree = "<group>"; };
		B5ACE8911CBB56CE004B6871 /* ComponentService.h */ = {isa = PBXFileReference; fileEncoding = 4; lastKnownFileType = sourcecode.c.h; path = ComponentService.h; sourceTree = "<group>"; };
		B5ACE8931CBF7AFF004B6871 /* LineRenderComponent.cpp */ = {isa = PBXFileReference; fileEncoding = 4; lastKnownFileType = sourcecode.cpp.cpp; name = LineRenderComponent.cpp; path = components/LineRenderComponent.cpp; sourceTree = "<group>"; };
		B5ACE8941CBF7AFF004B6871 /* LineRenderComponent.h */ = {isa = PBXFileReference; fileEncoding = 4; lastKnownFileType = sourcecode.c.h; name = LineRenderComponent.h; path = components/LineRenderComponent.h; sourceTree = "<group>"; };
		B5AE8C981CEC44E100FAA0DC /* ScenePackage.cpp */ = {isa = PBXFileReference; explicitFileType = sourcecode.cpp.objcpp; fileEncoding = 4; path = ScenePackage.cpp; sourceTree = "<group>"; };
		B5AE8C991CEC44E100FAA0DC /* ScenePackage.h */ = {isa = PBXFileReference; fileEncoding = 4; lastKnownFileType = sourcecode.c.h; path = ScenePackage.h; sourceTree = "<group>"; };
		B5AE8C9C1CF2DB5500FAA0DC /* buybuttonbezel@2x.png */ = {isa = PBXFileReference; lastKnownFileType = image.png; name = "buybuttonbezel@2x.png"; path = "testPackage/buybuttonbezel@2x.png"; sourceTree = "<group>"; };
		B5AE8C9D1CF2DB5500FAA0DC /* buybuttonbkg@2x.png */ = {isa = PBXFileReference; lastKnownFileType = image.png; name = "buybuttonbkg@2x.png"; path = "testPackage/buybuttonbkg@2x.png"; sourceTree = "<group>"; };
		B5AE8C9E1CF2DB5500FAA0DC /* buybuttoninsetbkg@2x.png */ = {isa = PBXFileReference; lastKnownFileType = image.png; name = "buybuttoninsetbkg@2x.png"; path = "testPackage/buybuttoninsetbkg@2x.png"; sourceTree = "<group>"; };
		B5AE8C9F1CF2DB5500FAA0DC /* buyglare@2x.png */ = {isa = PBXFileReference; lastKnownFileType = image.png; name = "buyglare@2x.png"; path = "testPackage/buyglare@2x.png"; sourceTree = "<group>"; };
		B5AE8CA01CF2DB5500FAA0DC /* cashbkg@2x.png */ = {isa = PBXFileReference; lastKnownFileType = image.png; name = "cashbkg@2x.png"; path = "testPackage/cashbkg@2x.png"; sourceTree = "<group>"; };
		B5AE8CA11CF2DB5500FAA0DC /* coinicon@2x.png */ = {isa = PBXFileReference; lastKnownFileType = image.png; name = "coinicon@2x.png"; path = "testPackage/coinicon@2x.png"; sourceTree = "<group>"; };
		B5AE8CA21CF2DB5500FAA0DC /* Common-iPh6.json */ = {isa = PBXFileReference; fileEncoding = 4; lastKnownFileType = text.json; name = "Common-iPh6.json"; path = "testPackage/Common-iPh6.json"; sourceTree = "<group>"; };
		B5AE8CA31CF2DB5500FAA0DC /* genericunknownphoto@2x.png */ = {isa = PBXFileReference; lastKnownFileType = image.png; name = "genericunknownphoto@2x.png"; path = "testPackage/genericunknownphoto@2x.png"; sourceTree = "<group>"; };
		B5AE8CA41CF2DB5500FAA0DC /* infobezel@2x.png */ = {isa = PBXFileReference; lastKnownFileType = image.png; name = "infobezel@2x.png"; path = "testPackage/infobezel@2x.png"; sourceTree = "<group>"; };
		B5AE8CA51CF2DB5500FAA0DC /* infobuttonbkg@2x.png */ = {isa = PBXFileReference; lastKnownFileType = image.png; name = "infobuttonbkg@2x.png"; path = "testPackage/infobuttonbkg@2x.png"; sourceTree = "<group>"; };
		B5AE8CA61CF2DB5500FAA0DC /* infodisabled@2x.png */ = {isa = PBXFileReference; lastKnownFileType = image.png; name = "infodisabled@2x.png"; path = "testPackage/infodisabled@2x.png"; sourceTree = "<group>"; };
		B5AE8CA71CF2DB5500FAA0DC /* salebkg@2x.png */ = {isa = PBXFileReference; lastKnownFileType = image.png; name = "salebkg@2x.png"; path = "testPackage/salebkg@2x.png"; sourceTree = "<group>"; };
		B5AE8CA81CF2DB5500FAA0DC /* salelabel@2x.png */ = {isa = PBXFileReference; lastKnownFileType = image.png; name = "salelabel@2x.png"; path = "testPackage/salelabel@2x.png"; sourceTree = "<group>"; };
		B5AE8CA91CF2DB5500FAA0DC /* settingsbuttonbezel@2x.png */ = {isa = PBXFileReference; lastKnownFileType = image.png; name = "settingsbuttonbezel@2x.png"; path = "testPackage/settingsbuttonbezel@2x.png"; sourceTree = "<group>"; };
		B5AE8CAA1CF2DB5500FAA0DC /* settingsbuttonbkg@2x.png */ = {isa = PBXFileReference; lastKnownFileType = image.png; name = "settingsbuttonbkg@2x.png"; path = "testPackage/settingsbuttonbkg@2x.png"; sourceTree = "<group>"; };
		B5AE8CAB1CF2DB5500FAA0DC /* settingsbuttoninsetbkg@2x.png */ = {isa = PBXFileReference; lastKnownFileType = image.png; name = "settingsbuttoninsetbkg@2x.png"; path = "testPackage/settingsbuttoninsetbkg@2x.png"; sourceTree = "<group>"; };
		B5AE8CAC1CF2DB5500FAA0DC /* settingsdisabled@2x.png */ = {isa = PBXFileReference; lastKnownFileType = image.png; name = "settingsdisabled@2x.png"; path = "testPackage/settingsdisabled@2x.png"; sourceTree = "<group>"; };
		B5AE8CAD1CF2DB5500FAA0DC /* xpbkg@2x.png */ = {isa = PBXFileReference; lastKnownFileType = image.png; name = "xpbkg@2x.png"; path = "testPackage/xpbkg@2x.png"; sourceTree = "<group>"; };
		B5AE8CAE1CF2DB5500FAA0DC /* xpfill@2x.png */ = {isa = PBXFileReference; lastKnownFileType = image.png; name = "xpfill@2x.png"; path = "testPackage/xpfill@2x.png"; sourceTree = "<group>"; };
		B5AE8CAF1CF2DB5500FAA0DC /* xpfillglare@2x.png */ = {isa = PBXFileReference; lastKnownFileType = image.png; name = "xpfillglare@2x.png"; path = "testPackage/xpfillglare@2x.png"; sourceTree = "<group>"; };
		B5AE8CB01CF2DB5500FAA0DC /* xpicon@2x.png */ = {isa = PBXFileReference; lastKnownFileType = image.png; name = "xpicon@2x.png"; path = "testPackage/xpicon@2x.png"; sourceTree = "<group>"; };
		B5DCDA221CE2F9F100CBF0A6 /* HandleTests.m */ = {isa = PBXFileReference; explicitFileType = sourcecode.cpp.objcpp; fileEncoding = 4; name = HandleTests.m; path = BGEGameObjectAndComponentTests/HandleTests.m; sourceTree = SOURCE_ROOT; };
		B5DCDA241CE59F7400CBF0A6 /* ScenePackageService.cpp */ = {isa = PBXFileReference; explicitFileType = sourcecode.cpp.objcpp; fileEncoding = 4; path = ScenePackageService.cpp; sourceTree = "<group>"; };
		B5DCDA251CE59F7400CBF0A6 /* ScenePackageService.h */ = {isa = PBXFileReference; fileEncoding = 4; lastKnownFileType = sourcecode.c.h; path = ScenePackageService.h; sourceTree = "<group>"; };
		B5E7B9B41CC35B5000978F1A /* LineFragment.glsl */ = {isa = PBXFileReference; fileEncoding = 4; lastKnownFileType = text; name = LineFragment.glsl; path = shaders/LineFragment.glsl; sourceTree = "<group>"; };
		B5E7B9B51CC35B5000978F1A /* LineVertex.glsl */ = {isa = PBXFileReference; fileEncoding = 4; lastKnownFileType = text; name = LineVertex.glsl; path = shaders/LineVertex.glsl; sourceTree = "<group>"; };
		B5E7B9B81CC46A7500978F1A /* FlatRectRenderComponent.cpp */ = {isa = PBXFileReference; explicitFileType = sourcecode.cpp.objcpp; fileEncoding = 4; name = FlatRectRenderComponent.cpp; path = components/FlatRectRenderComponent.cpp; sourceTree = "<group>"; };
		B5E7B9B91CC46A7500978F1A /* FlatRectRenderComponent.h */ = {isa = PBXFileReference; fileEncoding = 4; lastKnownFileType = sourcecode.c.h; name = FlatRectRenderComponent.h; path = components/FlatRectRenderComponent.h; sourceTree = "<group>"; };
		B5EE9D6A1CC4A4C8005D99CC /* SpriteRenderComponent.cpp */ = {isa = PBXFileReference; explicitFileType = sourcecode.cpp.objcpp; fileEncoding = 4; name = SpriteRenderComponent.cpp; path = components/SpriteRenderComponent.cpp; sourceTree = "<group>"; };
		B5EE9D6B1CC4A4C8005D99CC /* SpriteRenderComponent.h */ = {isa = PBXFileReference; fileEncoding = 4; lastKnownFileType = sourcecode.c.h; name = SpriteRenderComponent.h; path = components/SpriteRenderComponent.h; sourceTree = "<group>"; };
		B5F523111CD9C77E00DE2F82 /* GraphicFormats.cpp */ = {isa = PBXFileReference; fileEncoding = 4; lastKnownFileType = sourcecode.cpp.cpp; name = GraphicFormats.cpp; path = dataformats/GraphicFormats.cpp; sourceTree = "<group>"; };
		B5F523121CD9C77E00DE2F82 /* GraphicFormats.h */ = {isa = PBXFileReference; fileEncoding = 4; lastKnownFileType = sourcecode.c.h; name = GraphicFormats.h; path = dataformats/GraphicFormats.h; sourceTree = "<group>"; };
		B5F6B1681CC8AF7A00E1FD45 /* Space.cpp */ = {isa = PBXFileReference; explicitFileType = sourcecode.cpp.objcpp; fileEncoding = 4; path = Space.cpp; sourceTree = "<group>"; };
		B5F6B1691CC8AF7A00E1FD45 /* Space.h */ = {isa = PBXFileReference; fileEncoding = 4; lastKnownFileType = sourcecode.c.h; path = Space.h; sourceTree = "<group>"; };
		B5F6B16B1CC8B06E00E1FD45 /* SpaceService.cpp */ = {isa = PBXFileReference; explicitFileType = sourcecode.cpp.objcpp; fileEncoding = 4; path = SpaceService.cpp; sourceTree = "<group>"; };
		B5F6B16C1CC8B06E00E1FD45 /* SpaceService.h */ = {isa = PBXFileReference; fileEncoding = 4; lastKnownFileType = sourcecode.c.h; path = SpaceService.h; sourceTree = "<group>"; };
/* End PBXFileReference section */

/* Begin PBXFrameworksBuildPhase section */
		B508CD951CAF95A000127B97 /* Frameworks */ = {
			isa = PBXFrameworksBuildPhase;
			buildActionMask = 2147483647;
			files = (
				B508CD9D1CAF95A000127B97 /* libBenGameEngine.a in Frameworks */,
			);
			runOnlyForDeploymentPostprocessing = 0;
		};
		B525E3581C8950DA00C691C0 /* Frameworks */ = {
			isa = PBXFrameworksBuildPhase;
			buildActionMask = 2147483647;
			files = (
			);
			runOnlyForDeploymentPostprocessing = 0;
		};
		B525E3681C8957A700C691C0 /* Frameworks */ = {
			isa = PBXFrameworksBuildPhase;
			buildActionMask = 2147483647;
			files = (
				B571F18D1C992ECE007F5A90 /* libfreetype.a in Frameworks */,
				B525E3EA1C8960BA00C691C0 /* GLKit.framework in Frameworks */,
				B525E3841C8957BD00C691C0 /* libBenGameEngine.a in Frameworks */,
			);
			runOnlyForDeploymentPostprocessing = 0;
		};
		B525E3D31C8959D200C691C0 /* Frameworks */ = {
			isa = PBXFrameworksBuildPhase;
			buildActionMask = 2147483647;
			files = (
			);
			runOnlyForDeploymentPostprocessing = 0;
		};
/* End PBXFrameworksBuildPhase section */

/* Begin PBXGroup section */
		B508CD991CAF95A000127B97 /* BGEGameObejctAndComponentTests */ = {
			isa = PBXGroup;
			children = (
				B5DCDA221CE2F9F100CBF0A6 /* HandleTests.m */,
				B508CD9C1CAF95A000127B97 /* Info.plist */,
				B5ACE88D1CBB08D2004B6871 /* TransformComponentTests.m */,
			);
			name = BGEGameObejctAndComponentTests;
			path = BGERenderNodeTests;
			sourceTree = "<group>";
		};
		B508CDAF1CB8B2EA00127B97 /* components */ = {
			isa = PBXGroup;
			children = (
				B54821F71CD9AD970073AFCC /* AnimationChannelComponent.cpp */,
				B54821F81CD9AD970073AFCC /* AnimationChannelComponent.h */,
				B54821F41CD87A8A0073AFCC /* AnimationSequenceComponent.cpp */,
				B54821F51CD87A8A0073AFCC /* AnimationSequenceComponent.h */,
				B50A1F9F1D0E762F004B450E /* AnimatorComponent.cpp */,
				B50A1FA01D0E762F004B450E /* AnimatorComponent.h */,
				B547F1781D125BB70031AF58 /* ChannelFrameAnimatorComponent.cpp */,
				B547F1791D125BB70031AF58 /* ChannelFrameAnimatorComponent.h */,
				B5E7B9B81CC46A7500978F1A /* FlatRectRenderComponent.cpp */,
				B5E7B9B91CC46A7500978F1A /* FlatRectRenderComponent.h */,
				B547F17B1D125BD00031AF58 /* FrameAnimatorComponent.cpp */,
				B547F17C1D125BD00031AF58 /* FrameAnimatorComponent.h */,
				B5ACE8931CBF7AFF004B6871 /* LineRenderComponent.cpp */,
				B5ACE8941CBF7AFF004B6871 /* LineRenderComponent.h */,
				B52B760F1CBA2C7F00758249 /* RenderComponent.cpp */,
				B52B76101CBA2C7F00758249 /* RenderComponent.h */,
				B5EE9D6A1CC4A4C8005D99CC /* SpriteRenderComponent.cpp */,
				B5EE9D6B1CC4A4C8005D99CC /* SpriteRenderComponent.h */,
				B50A1F9C1D092A3C004B450E /* TextComponent.cpp */,
				B50A1F9D1D092A3C004B450E /* TextComponent.h */,
				B508CD911CAE285000127B97 /* TransformComponent.cpp */,
				B508CD921CAE285000127B97 /* TransformComponent.h */,
			);
			name = components;
			sourceTree = "<group>";
		};
		B525E3521C8950DA00C691C0 = {
			isa = PBXGroup;
			children = (
				B571F18C1C992ECE007F5A90 /* libfreetype.a */,
				B525E35D1C8950DA00C691C0 /* BenGameEngine */,
				B525E36C1C8957A700C691C0 /* BenGameEngineTestApp */,
				B525E3D71C8959D200C691C0 /* BenGameEngineBundle */,
				B508CD991CAF95A000127B97 /* BGEGameObejctAndComponentTests */,
				B525E35C1C8950DA00C691C0 /* Products */,
			);
			sourceTree = "<group>";
		};
		B525E35C1C8950DA00C691C0 /* Products */ = {
			isa = PBXGroup;
			children = (
				B525E35B1C8950DA00C691C0 /* libBenGameEngine.a */,
				B525E36B1C8957A700C691C0 /* BenGameEngineTestApp.app */,
				B525E3D61C8959D200C691C0 /* BenGameEngineBundle.bundle */,
				B508CD981CAF95A000127B97 /* BGEGameObjectAndComponentTests.xctest */,
			);
			name = Products;
			sourceTree = "<group>";
		};
		B525E35D1C8950DA00C691C0 /* BenGameEngine */ = {
			isa = PBXGroup;
			children = (
				B54821FA1CD9AD9A0073AFCC /* animation */,
				B50A1FA21D0E8B2A004B450E /* AnimationService.cpp */,
				B50A1FA31D0E8B2A004B450E /* AnimationService.h */,
				B52BFB0A1D00AA750040A839 /* ArrayBuilder.h */,
				B525E38B1C89587000C691C0 /* BGEHeartbeatIOS.h */,
				B525E38C1C89587000C691C0 /* BGEHeartbeatIOS.m */,
				B508CDA31CB4DD5B00127B97 /* Component.cpp */,
				B508CDA41CB4DD5B00127B97 /* Component.h */,
				B508CDAF1CB8B2EA00127B97 /* components */,
				B5ACE8901CBB56CE004B6871 /* ComponentService.cpp */,
				B5ACE8911CBB56CE004B6871 /* ComponentService.h */,
				B5F5230A1CD9B4C500DE2F82 /* dataformats */,
				B525E3851C89587000C691C0 /* Error.cpp */,
				B525E3861C89587000C691C0 /* Error.h */,
				B571F17C1C97CF42007F5A90 /* external */,
				B52BFB0F1D0155720040A839 /* FixedArray.h */,
				B571F1811C97D92E007F5A90 /* Font.cpp */,
				B571F1821C97D92E007F5A90 /* Font.h */,
				B571F18E1C9D0A34007F5A90 /* FontGlyph.cpp */,
				B571F18F1C9D0A34007F5A90 /* FontGlyph.h */,
				B50326F41D20846500156217 /* FontInfo.cpp */,
				B50326F21D1F4BA100156217 /* FontInfo.h */,
				B571F17E1C97D88E007F5A90 /* FontService.cpp */,
				B571F17F1C97D88E007F5A90 /* FontService.h */,
				B52B760E1CBA1E7C00758249 /* game objects */,
				B525E3871C89587000C691C0 /* Game.cpp */,
				B525E3881C89587000C691C0 /* Game.h */,
				B508CDA61CB4DE6D00127B97 /* GameObject.cpp */,
				B508CDA71CB4DE6D00127B97 /* GameObject.h */,
				B508CDAC1CB78DA100127B97 /* GameObjectService.cpp */,
				B508CDAD1CB78DA100127B97 /* GameObjectService.h */,
				B50F5FFE1CD3418200A5D017 /* Handle.h */,
				B50F60011CD343E400A5D017 /* HandleService.h */,
				B525E38D1C89587000C691C0 /* HeartbeatService.cpp */,
				B525E38E1C89587000C691C0 /* HeartbeatService.h */,
				B52B760B1CBA183900758249 /* Material.cpp */,
				B52B760C1CBA183900758249 /* Material.h */,
				B52B76121CBADF5E00758249 /* MaterialService.cpp */,
				B52B76131CBADF5E00758249 /* MaterialService.h */,
				B525E38F1C89587000C691C0 /* MathTypes.cpp */,
				B525E3901C89587000C691C0 /* MathTypes.h */,
				B508CDA91CB4DE8E00127B97 /* Object.cpp */,
				B508CDAA1CB4DE8E00127B97 /* Object.h */,
				B571F1741C928BA5007F5A90 /* opengles2 */,
				B525E3911C89587000C691C0 /* RenderContext.cpp */,
				B525E3921C89587000C691C0 /* RenderContext.h */,
				B525E3951C89587000C691C0 /* RenderService.cpp */,
				B525E3961C89587000C691C0 /* RenderService.h */,
				B525E3991C89587000C691C0 /* RenderView.cpp */,
				B525E39A1C89587000C691C0 /* RenderView.h */,
				B525E39B1C89587000C691C0 /* RenderWindow.cpp */,
				B525E39C1C89587000C691C0 /* RenderWindow.h */,
				B5AE8C981CEC44E100FAA0DC /* ScenePackage.cpp */,
				B5AE8C991CEC44E100FAA0DC /* ScenePackage.h */,
				B5DCDA241CE59F7400CBF0A6 /* ScenePackageService.cpp */,
				B5DCDA251CE59F7400CBF0A6 /* ScenePackageService.h */,
				B525E39D1C89587000C691C0 /* Service.cpp */,
				B525E39E1C89587000C691C0 /* Service.h */,
				B525E39F1C89587000C691C0 /* Shader.cpp */,
				B525E3A01C89587000C691C0 /* Shader.h */,
				B525E3A31C89587000C691C0 /* ShaderProgram.cpp */,
				B525E3A41C89587000C691C0 /* ShaderProgram.h */,
				B525E3CD1C89587900C691C0 /* shaders */,
				B525E3A71C89587000C691C0 /* ShaderService.cpp */,
				B525E3A81C89587000C691C0 /* ShaderService.h */,
				B5F6B1681CC8AF7A00E1FD45 /* Space.cpp */,
				B5F6B1691CC8AF7A00E1FD45 /* Space.h */,
				B5F6B16B1CC8B06E00E1FD45 /* SpaceService.cpp */,
				B5F6B16C1CC8B06E00E1FD45 /* SpaceService.h */,
				B52BFB061D000C650040A839 /* StringArrayBuilder.cpp */,
				B52BFB071D000C650040A839 /* StringArrayBuilder.h */,
				B525E3AB1C89587000C691C0 /* Texture.cpp */,
				B525E3AC1C89587000C691C0 /* Texture.h */,
				B525E3AD1C89587000C691C0 /* TextureAtlas.cpp */,
				B525E3AE1C89587000C691C0 /* TextureAtlas.h */,
				B508CD871CA0ABA200127B97 /* TextureBase.cpp */,
				B508CD881CA0ABA200127B97 /* TextureBase.h */,
				B525E3B11C89587000C691C0 /* TextureService.cpp */,
				B525E3B21C89587000C691C0 /* TextureService.h */,
				B52BFB0D1D0138790040A839 /* UniqueArrayBuilder.h */,
			);
			path = BenGameEngine;
			sourceTree = "<group>";
		};
		B525E36C1C8957A700C691C0 /* BenGameEngineTestApp */ = {
			isa = PBXGroup;
			children = (
				B5AE8C9B1CF2DB0600FAA0DC /* testPackage */,
				B525E3701C8957A700C691C0 /* AppDelegate.h */,
				B525E3711C8957A700C691C0 /* AppDelegate.m */,
				B525E3791C8957A700C691C0 /* Assets.xcassets */,
				B525E3E21C895FC500C691C0 /* BenGameEngineTestApp.cpp */,
				B525E3E31C895FC500C691C0 /* BenGameEngineTestApp.hpp */,
				B525E3EB1C89613400C691C0 /* Frameworks */,
				B525E37E1C8957A700C691C0 /* Info.plist */,
				B525E37B1C8957A700C691C0 /* LaunchScreen.storyboard */,
				B525E3761C8957A700C691C0 /* Main.storyboard */,
				B525E36D1C8957A700C691C0 /* Supporting Files */,
				B525E3E11C895AC900C691C0 /* textures */,
				B525E3731C8957A700C691C0 /* ViewController.h */,
				B525E3741C8957A700C691C0 /* ViewController.m */,
			);
			path = BenGameEngineTestApp;
			sourceTree = "<group>";
		};
		B525E36D1C8957A700C691C0 /* Supporting Files */ = {
			isa = PBXGroup;
			children = (
				B525E36E1C8957A700C691C0 /* main.m */,
			);
			name = "Supporting Files";
			sourceTree = "<group>";
		};
		B525E3CD1C89587900C691C0 /* shaders */ = {
			isa = PBXGroup;
			children = (
				B571F1721C915A69007F5A90 /* ColorMatrixTextureFragment.glsl */,
				B571F1711C915A4B007F5A90 /* ColorMatrixTextureVertex.glsl */,
				B571F1961C9E1BA4007F5A90 /* FontFragment.glsl */,
				B571F1941C9E1B94007F5A90 /* FontVertex.glsl */,
				B5E7B9B41CC35B5000978F1A /* LineFragment.glsl */,
				B5E7B9B51CC35B5000978F1A /* LineVertex.glsl */,
				B571F17A1C95258A007F5A90 /* MaskColorMatrixTextureFragment.glsl */,
				B571F1781C95256A007F5A90 /* MaskColorMatrixTextureVertex.glsl */,
				B525E3CE1C89588700C691C0 /* SimpleFragment.glsl */,
				B525E3CF1C89588700C691C0 /* SimpleVertex.glsl */,
				B525E3D01C89588700C691C0 /* TextureFragment.glsl */,
				B525E3D11C89588700C691C0 /* TextureVertex.glsl */,
			);
			name = shaders;
			sourceTree = "<group>";
		};
		B525E3D71C8959D200C691C0 /* BenGameEngineBundle */ = {
			isa = PBXGroup;
			children = (
				B508CD8F1CA901B700127B97 /* Avenir.ttc */,
				B508CD8D1CA8ABA100127B97 /* Arial Black.ttf */,
				B51F32CA1C9EE94E00B9F658 /* AppleGothic.ttf */,
				B571F18A1C992B3D007F5A90 /* lazy.ttf */,
				B525E3D81C8959D200C691C0 /* Info.plist */,
			);
			path = BenGameEngineBundle;
			sourceTree = "<group>";
		};
		B525E3E11C895AC900C691C0 /* textures */ = {
			isa = PBXGroup;
			children = (
				B571F1761C93B604007F5A90 /* sample.png */,
				B525E3E51C895FCC00C691C0 /* item_powerup_fish.png */,
			);
			name = textures;
			sourceTree = "<group>";
		};
		B525E3EB1C89613400C691C0 /* Frameworks */ = {
			isa = PBXGroup;
			children = (
				B525E3E91C8960BA00C691C0 /* GLKit.framework */,
			);
			name = Frameworks;
			sourceTree = "<group>";
		};
		B52B760E1CBA1E7C00758249 /* game objects */ = {
			isa = PBXGroup;
			children = (
			);
			name = "game objects";
			sourceTree = "<group>";
		};
		B54821FA1CD9AD9A0073AFCC /* animation */ = {
			isa = PBXGroup;
			children = (
			);
			name = animation;
			sourceTree = "<group>";
		};
		B571F1741C928BA5007F5A90 /* opengles2 */ = {
			isa = PBXGroup;
			children = (
				B525E3931C89587000C691C0 /* RenderContextOpenGLES2.cpp */,
				B525E3941C89587000C691C0 /* RenderContextOpenGLES2.h */,
				B525E3971C89587000C691C0 /* RenderServiceOpenGLES2.cpp */,
				B525E3981C89587000C691C0 /* RenderServiceOpenGLES2.h */,
				B525E3A11C89587000C691C0 /* ShaderOpenGLES2.cpp */,
				B525E3A21C89587000C691C0 /* ShaderOpenGLES2.h */,
				B525E3A51C89587000C691C0 /* ShaderProgramOpenGLES2.cpp */,
				B525E3A61C89587000C691C0 /* ShaderProgramOpenGLES2.h */,
				B525E3A91C89587000C691C0 /* ShaderServiceOpenGLES2.cpp */,
				B525E3AA1C89587000C691C0 /* ShaderServiceOpenGLES2.h */,
				B571F1911C9D24E0007F5A90 /* TextureAtlasOpenGLES2.cpp */,
				B571F1921C9D24E0007F5A90 /* TextureAtlasOpenGLES2.h */,
				B525E3AF1C89587000C691C0 /* TextureOpenGLES2.cpp */,
				B525E3B01C89587000C691C0 /* TextureOpenGLES2.h */,
				B525E3B31C89587000C691C0 /* TextureServiceOpenGLES2.cpp */,
				B525E3B41C89587000C691C0 /* TextureServiceOpenGLES2.h */,
			);
			name = opengles2;
			sourceTree = "<group>";
		};
		B571F17C1C97CF42007F5A90 /* external */ = {
			isa = PBXGroup;
			children = (
				B571F17D1C97CFB3007F5A90 /* freetype */,
			);
			name = external;
			sourceTree = "<group>";
		};
		B5AE8C9B1CF2DB0600FAA0DC /* testPackage */ = {
			isa = PBXGroup;
			children = (
				B5AE8C9C1CF2DB5500FAA0DC /* buybuttonbezel@2x.png */,
				B5AE8C9D1CF2DB5500FAA0DC /* buybuttonbkg@2x.png */,
				B5AE8C9E1CF2DB5500FAA0DC /* buybuttoninsetbkg@2x.png */,
				B5AE8C9F1CF2DB5500FAA0DC /* buyglare@2x.png */,
				B5AE8CA01CF2DB5500FAA0DC /* cashbkg@2x.png */,
				B5AE8CA11CF2DB5500FAA0DC /* coinicon@2x.png */,
				B5AE8CA21CF2DB5500FAA0DC /* Common-iPh6.json */,
				B5AE8CA31CF2DB5500FAA0DC /* genericunknownphoto@2x.png */,
				B5AE8CA41CF2DB5500FAA0DC /* infobezel@2x.png */,
				B5AE8CA51CF2DB5500FAA0DC /* infobuttonbkg@2x.png */,
				B5AE8CA61CF2DB5500FAA0DC /* infodisabled@2x.png */,
				B5AE8CA71CF2DB5500FAA0DC /* salebkg@2x.png */,
				B5AE8CA81CF2DB5500FAA0DC /* salelabel@2x.png */,
				B5AE8CA91CF2DB5500FAA0DC /* settingsbuttonbezel@2x.png */,
				B5AE8CAA1CF2DB5500FAA0DC /* settingsbuttonbkg@2x.png */,
				B5AE8CAB1CF2DB5500FAA0DC /* settingsbuttoninsetbkg@2x.png */,
				B5AE8CAC1CF2DB5500FAA0DC /* settingsdisabled@2x.png */,
				B5AE8CAD1CF2DB5500FAA0DC /* xpbkg@2x.png */,
				B5AE8CAE1CF2DB5500FAA0DC /* xpfill@2x.png */,
				B5AE8CAF1CF2DB5500FAA0DC /* xpfillglare@2x.png */,
				B5AE8CB01CF2DB5500FAA0DC /* xpicon@2x.png */,
			);
			name = testPackage;
			sourceTree = "<group>";
		};
		B5F5230A1CD9B4C500DE2F82 /* dataformats */ = {
			isa = PBXGroup;
			children = (
				B5F523111CD9C77E00DE2F82 /* GraphicFormats.cpp */,
				B5F523121CD9C77E00DE2F82 /* GraphicFormats.h */,
			);
			name = dataformats;
			sourceTree = "<group>";
		};
/* End PBXGroup section */

/* Begin PBXNativeTarget section */
		B508CD971CAF95A000127B97 /* BGEGameObjectAndComponentTests */ = {
			isa = PBXNativeTarget;
			buildConfigurationList = B508CDA01CAF95A000127B97 /* Build configuration list for PBXNativeTarget "BGEGameObjectAndComponentTests" */;
			buildPhases = (
				B508CD941CAF95A000127B97 /* Sources */,
				B508CD951CAF95A000127B97 /* Frameworks */,
				B508CD961CAF95A000127B97 /* Resources */,
			);
			buildRules = (
			);
			dependencies = (
				B508CD9F1CAF95A000127B97 /* PBXTargetDependency */,
			);
			name = BGEGameObjectAndComponentTests;
			productName = BGERenderNodeTests;
			productReference = B508CD981CAF95A000127B97 /* BGEGameObjectAndComponentTests.xctest */;
			productType = "com.apple.product-type.bundle.unit-test";
		};
		B525E35A1C8950DA00C691C0 /* BenGameEngine */ = {
			isa = PBXNativeTarget;
			buildConfigurationList = B525E3641C8950DA00C691C0 /* Build configuration list for PBXNativeTarget "BenGameEngine" */;
			buildPhases = (
				B525E3571C8950DA00C691C0 /* Sources */,
				B525E3581C8950DA00C691C0 /* Frameworks */,
				B525E3591C8950DA00C691C0 /* CopyFiles */,
			);
			buildRules = (
			);
			dependencies = (
			);
			name = BenGameEngine;
			productName = BenGameEngine;
			productReference = B525E35B1C8950DA00C691C0 /* libBenGameEngine.a */;
			productType = "com.apple.product-type.library.static";
		};
		B525E36A1C8957A700C691C0 /* BenGameEngineTestApp */ = {
			isa = PBXNativeTarget;
			buildConfigurationList = B525E37F1C8957A700C691C0 /* Build configuration list for PBXNativeTarget "BenGameEngineTestApp" */;
			buildPhases = (
				B525E3671C8957A700C691C0 /* Sources */,
				B525E3681C8957A700C691C0 /* Frameworks */,
				B525E3691C8957A700C691C0 /* Resources */,
			);
			buildRules = (
			);
			dependencies = (
				B525E3E81C89602A00C691C0 /* PBXTargetDependency */,
				B525E3831C8957B900C691C0 /* PBXTargetDependency */,
			);
			name = BenGameEngineTestApp;
			productName = BenGameEngineTestApp;
			productReference = B525E36B1C8957A700C691C0 /* BenGameEngineTestApp.app */;
			productType = "com.apple.product-type.application";
		};
		B525E3D51C8959D200C691C0 /* BenGameEngineBundle */ = {
			isa = PBXNativeTarget;
			buildConfigurationList = B525E3D91C8959D200C691C0 /* Build configuration list for PBXNativeTarget "BenGameEngineBundle" */;
			buildPhases = (
				B525E3D21C8959D200C691C0 /* Sources */,
				B525E3D31C8959D200C691C0 /* Frameworks */,
				B525E3D41C8959D200C691C0 /* Resources */,
			);
			buildRules = (
			);
			dependencies = (
			);
			name = BenGameEngineBundle;
			productName = BenGameEngineBundle;
			productReference = B525E3D61C8959D200C691C0 /* BenGameEngineBundle.bundle */;
			productType = "com.apple.product-type.bundle";
		};
/* End PBXNativeTarget section */

/* Begin PBXProject section */
		B525E3531C8950DA00C691C0 /* Project object */ = {
			isa = PBXProject;
			attributes = {
				CLASSPREFIX = BGE;
				LastUpgradeCheck = 0720;
				ORGANIZATIONNAME = "2n Productions";
				TargetAttributes = {
					B508CD971CAF95A000127B97 = {
						CreatedOnToolsVersion = 7.2.1;
					};
					B525E35A1C8950DA00C691C0 = {
						CreatedOnToolsVersion = 7.2.1;
					};
					B525E36A1C8957A700C691C0 = {
						CreatedOnToolsVersion = 7.2.1;
					};
					B525E3D51C8959D200C691C0 = {
						CreatedOnToolsVersion = 7.2.1;
					};
				};
			};
			buildConfigurationList = B525E3561C8950DA00C691C0 /* Build configuration list for PBXProject "BenGameEngine" */;
			compatibilityVersion = "Xcode 3.2";
			developmentRegion = English;
			hasScannedForEncodings = 0;
			knownRegions = (
				en,
				Base,
			);
			mainGroup = B525E3521C8950DA00C691C0;
			productRefGroup = B525E35C1C8950DA00C691C0 /* Products */;
			projectDirPath = "";
			projectRoot = "";
			targets = (
				B525E35A1C8950DA00C691C0 /* BenGameEngine */,
				B525E3D51C8959D200C691C0 /* BenGameEngineBundle */,
				B525E36A1C8957A700C691C0 /* BenGameEngineTestApp */,
				B508CD971CAF95A000127B97 /* BGEGameObjectAndComponentTests */,
			);
		};
/* End PBXProject section */

/* Begin PBXResourcesBuildPhase section */
		B508CD961CAF95A000127B97 /* Resources */ = {
			isa = PBXResourcesBuildPhase;
			buildActionMask = 2147483647;
			files = (
			);
			runOnlyForDeploymentPostprocessing = 0;
		};
		B525E3691C8957A700C691C0 /* Resources */ = {
			isa = PBXResourcesBuildPhase;
			buildActionMask = 2147483647;
			files = (
				B5AE8CB21CF2DB5500FAA0DC /* buybuttonbkg@2x.png in Resources */,
				B5AE8CB51CF2DB5500FAA0DC /* cashbkg@2x.png in Resources */,
				B525E3E61C895FCC00C691C0 /* item_powerup_fish.png in Resources */,
				B5AE8CC41CF2DB5500FAA0DC /* xpfillglare@2x.png in Resources */,
				B5AE8CB11CF2DB5500FAA0DC /* buybuttonbezel@2x.png in Resources */,
				B5AE8CBF1CF2DB5500FAA0DC /* settingsbuttonbkg@2x.png in Resources */,
				B525E3E01C895A3000C691C0 /* BenGameEngineBundle.bundle in Resources */,
				B525E37D1C8957A700C691C0 /* LaunchScreen.storyboard in Resources */,
				B5AE8CB41CF2DB5500FAA0DC /* buyglare@2x.png in Resources */,
				B5AE8CC01CF2DB5500FAA0DC /* settingsbuttoninsetbkg@2x.png in Resources */,
				B5AE8CC11CF2DB5500FAA0DC /* settingsdisabled@2x.png in Resources */,
				B5AE8CB91CF2DB5500FAA0DC /* infobezel@2x.png in Resources */,
				B5AE8CB31CF2DB5500FAA0DC /* buybuttoninsetbkg@2x.png in Resources */,
				B5AE8CBD1CF2DB5500FAA0DC /* salelabel@2x.png in Resources */,
				B5AE8CC21CF2DB5500FAA0DC /* xpbkg@2x.png in Resources */,
				B5AE8CBB1CF2DB5500FAA0DC /* infodisabled@2x.png in Resources */,
				B5AE8CB71CF2DB5500FAA0DC /* Common-iPh6.json in Resources */,
				B525E37A1C8957A700C691C0 /* Assets.xcassets in Resources */,
				B525E3781C8957A700C691C0 /* Main.storyboard in Resources */,
				B5AE8CBE1CF2DB5500FAA0DC /* settingsbuttonbezel@2x.png in Resources */,
				B5AE8CB61CF2DB5500FAA0DC /* coinicon@2x.png in Resources */,
				B5AE8CC31CF2DB5500FAA0DC /* xpfill@2x.png in Resources */,
				B5AE8CC51CF2DB5500FAA0DC /* xpicon@2x.png in Resources */,
				B5AE8CBC1CF2DB5500FAA0DC /* salebkg@2x.png in Resources */,
				B5AE8CBA1CF2DB5500FAA0DC /* infobuttonbkg@2x.png in Resources */,
				B5AE8CB81CF2DB5500FAA0DC /* genericunknownphoto@2x.png in Resources */,
				B571F1771C93B604007F5A90 /* sample.png in Resources */,
			);
			runOnlyForDeploymentPostprocessing = 0;
		};
		B525E3D41C8959D200C691C0 /* Resources */ = {
			isa = PBXResourcesBuildPhase;
			buildActionMask = 2147483647;
			files = (
				B571F17B1C95258A007F5A90 /* MaskColorMatrixTextureFragment.glsl in Resources */,
				B525E3DC1C895A1900C691C0 /* SimpleFragment.glsl in Resources */,
				B508CD8E1CA8ABA100127B97 /* Arial Black.ttf in Resources */,
				B525E3DD1C895A1900C691C0 /* SimpleVertex.glsl in Resources */,
				B571F1971C9E1BA4007F5A90 /* FontFragment.glsl in Resources */,
				B571F1751C929DCE007F5A90 /* ColorMatrixTextureFragment.glsl in Resources */,
				B525E3DE1C895A1900C691C0 /* TextureFragment.glsl in Resources */,
				B525E3DF1C895A1900C691C0 /* TextureVertex.glsl in Resources */,
				B51F32CB1C9EE94E00B9F658 /* AppleGothic.ttf in Resources */,
				B5E7B9B61CC35B5900978F1A /* LineVertex.glsl in Resources */,
				B571F1951C9E1B94007F5A90 /* FontVertex.glsl in Resources */,
				B571F1731C915AAD007F5A90 /* ColorMatrixTextureVertex.glsl in Resources */,
				B571F1791C95256A007F5A90 /* MaskColorMatrixTextureVertex.glsl in Resources */,
				B5E7B9B71CC35B5D00978F1A /* LineFragment.glsl in Resources */,
				B508CD901CA901B700127B97 /* Avenir.ttc in Resources */,
				B571F18B1C992B3D007F5A90 /* lazy.ttf in Resources */,
			);
			runOnlyForDeploymentPostprocessing = 0;
		};
/* End PBXResourcesBuildPhase section */

/* Begin PBXSourcesBuildPhase section */
		B508CD941CAF95A000127B97 /* Sources */ = {
			isa = PBXSourcesBuildPhase;
			buildActionMask = 2147483647;
			files = (
				B5ACE88F1CBB08D5004B6871 /* TransformComponentTests.m in Sources */,
				B5DCDA231CE2F9F100CBF0A6 /* HandleTests.m in Sources */,
			);
			runOnlyForDeploymentPostprocessing = 0;
		};
		B525E3571C8950DA00C691C0 /* Sources */ = {
			isa = PBXSourcesBuildPhase;
			buildActionMask = 2147483647;
			files = (
				B50326F51D20846500156217 /* FontInfo.cpp in Sources */,
				B525E3CB1C89587000C691C0 /* TextureService.cpp in Sources */,
				B547F17A1D125BB70031AF58 /* ChannelFrameAnimatorComponent.cpp in Sources */,
				B525E3BE1C89587000C691C0 /* RenderServiceOpenGLES2.cpp in Sources */,
				B525E3C61C89587000C691C0 /* ShaderService.cpp in Sources */,
				B525E3BD1C89587000C691C0 /* RenderService.cpp in Sources */,
				B571F1931C9D24E0007F5A90 /* TextureAtlasOpenGLES2.cpp in Sources */,
				B52B760D1CBA183900758249 /* Material.cpp in Sources */,
				B525E3C41C89587000C691C0 /* ShaderProgram.cpp in Sources */,
				B50A1FA41D0E8B2A004B450E /* AnimationService.cpp in Sources */,
				B525E3BC1C89587000C691C0 /* RenderContextOpenGLES2.cpp in Sources */,
				B54821F91CD9AD970073AFCC /* AnimationChannelComponent.cpp in Sources */,
				B525E3CC1C89587000C691C0 /* TextureServiceOpenGLES2.cpp in Sources */,
				B50A1FA11D0E762F004B450E /* AnimatorComponent.cpp in Sources */,
				B52BFB081D000C650040A839 /* StringArrayBuilder.cpp in Sources */,
				B5AE8C9A1CEC44E100FAA0DC /* ScenePackage.cpp in Sources */,
				B508CDAB1CB4DE8E00127B97 /* Object.cpp in Sources */,
				B525E3BA1C89587000C691C0 /* MathTypes.cpp in Sources */,
				B5ACE8951CBF7B00004B6871 /* LineRenderComponent.cpp in Sources */,
				B571F1901C9D0A34007F5A90 /* FontGlyph.cpp in Sources */,
				B525E3C91C89587000C691C0 /* TextureAtlas.cpp in Sources */,
				B525E3B91C89587000C691C0 /* HeartbeatService.cpp in Sources */,
				B525E3C21C89587000C691C0 /* Shader.cpp in Sources */,
				B5F523131CD9C77E00DE2F82 /* GraphicFormats.cpp in Sources */,
				B54821F61CD87A8A0073AFCC /* AnimationSequenceComponent.cpp in Sources */,
				B5F6B16D1CC8B06E00E1FD45 /* SpaceService.cpp in Sources */,
				B571F1801C97D88E007F5A90 /* FontService.cpp in Sources */,
				B5ACE8921CBB56CE004B6871 /* ComponentService.cpp in Sources */,
				B525E3C31C89587000C691C0 /* ShaderOpenGLES2.cpp in Sources */,
				B5F6B16A1CC8AF7A00E1FD45 /* Space.cpp in Sources */,
				B52B76111CBA2C7F00758249 /* RenderComponent.cpp in Sources */,
				B525E3C81C89587000C691C0 /* Texture.cpp in Sources */,
				B571F1831C97D92E007F5A90 /* Font.cpp in Sources */,
				B5EE9D6C1CC4A4C8005D99CC /* SpriteRenderComponent.cpp in Sources */,
				B547F17D1D125BD00031AF58 /* FrameAnimatorComponent.cpp in Sources */,
				B525E3B81C89587000C691C0 /* BGEHeartbeatIOS.m in Sources */,
				B50A1F9E1D092A3C004B450E /* TextComponent.cpp in Sources */,
				B525E3BB1C89587000C691C0 /* RenderContext.cpp in Sources */,
				B508CD931CAE285000127B97 /* TransformComponent.cpp in Sources */,
				B525E3B61C89587000C691C0 /* Game.cpp in Sources */,
				B5E7B9BA1CC46A7500978F1A /* FlatRectRenderComponent.cpp in Sources */,
				B5DCDA261CE59F7400CBF0A6 /* ScenePackageService.cpp in Sources */,
				B508CDA51CB4DD5B00127B97 /* Component.cpp in Sources */,
				B525E3B51C89587000C691C0 /* Error.cpp in Sources */,
				B508CDAE1CB78DA100127B97 /* GameObjectService.cpp in Sources */,
				B508CD891CA0ABA200127B97 /* TextureBase.cpp in Sources */,
				B508CDA81CB4DE6D00127B97 /* GameObject.cpp in Sources */,
				B525E3C01C89587000C691C0 /* RenderWindow.cpp in Sources */,
				B525E3C51C89587000C691C0 /* ShaderProgramOpenGLES2.cpp in Sources */,
				B525E3CA1C89587000C691C0 /* TextureOpenGLES2.cpp in Sources */,
				B525E3C11C89587000C691C0 /* Service.cpp in Sources */,
				B525E3BF1C89587000C691C0 /* RenderView.cpp in Sources */,
				B525E3C71C89587000C691C0 /* ShaderServiceOpenGLES2.cpp in Sources */,
				B52B76141CBADF5E00758249 /* MaterialService.cpp in Sources */,
			);
			runOnlyForDeploymentPostprocessing = 0;
		};
		B525E3671C8957A700C691C0 /* Sources */ = {
			isa = PBXSourcesBuildPhase;
			buildActionMask = 2147483647;
			files = (
				B525E3751C8957A700C691C0 /* ViewController.m in Sources */,
				B525E3721C8957A700C691C0 /* AppDelegate.m in Sources */,
				B525E36F1C8957A700C691C0 /* main.m in Sources */,
				B525E3E41C895FC500C691C0 /* BenGameEngineTestApp.cpp in Sources */,
			);
			runOnlyForDeploymentPostprocessing = 0;
		};
		B525E3D21C8959D200C691C0 /* Sources */ = {
			isa = PBXSourcesBuildPhase;
			buildActionMask = 2147483647;
			files = (
			);
			runOnlyForDeploymentPostprocessing = 0;
		};
/* End PBXSourcesBuildPhase section */

/* Begin PBXTargetDependency section */
		B508CD9F1CAF95A000127B97 /* PBXTargetDependency */ = {
			isa = PBXTargetDependency;
			target = B525E35A1C8950DA00C691C0 /* BenGameEngine */;
			targetProxy = B508CD9E1CAF95A000127B97 /* PBXContainerItemProxy */;
		};
		B525E3831C8957B900C691C0 /* PBXTargetDependency */ = {
			isa = PBXTargetDependency;
			target = B525E35A1C8950DA00C691C0 /* BenGameEngine */;
			targetProxy = B525E3821C8957B900C691C0 /* PBXContainerItemProxy */;
		};
		B525E3E81C89602A00C691C0 /* PBXTargetDependency */ = {
			isa = PBXTargetDependency;
			target = B525E3D51C8959D200C691C0 /* BenGameEngineBundle */;
			targetProxy = B525E3E71C89602A00C691C0 /* PBXContainerItemProxy */;
		};
/* End PBXTargetDependency section */

/* Begin PBXVariantGroup section */
		B525E3761C8957A700C691C0 /* Main.storyboard */ = {
			isa = PBXVariantGroup;
			children = (
				B525E3771C8957A700C691C0 /* Base */,
			);
			name = Main.storyboard;
			sourceTree = "<group>";
		};
		B525E37B1C8957A700C691C0 /* LaunchScreen.storyboard */ = {
			isa = PBXVariantGroup;
			children = (
				B525E37C1C8957A700C691C0 /* Base */,
			);
			name = LaunchScreen.storyboard;
			sourceTree = "<group>";
		};
/* End PBXVariantGroup section */

/* Begin XCBuildConfiguration section */
		B508CDA11CAF95A000127B97 /* Debug */ = {
			isa = XCBuildConfiguration;
			buildSettings = {
				GCC_PREPROCESSOR_DEFINITIONS = (
					"$(inherited)",
					"UNIT_TESTING=1",
				);
				INFOPLIST_FILE = BGEGameObjectAndComponentTests/Info.plist;
				LD_RUNPATH_SEARCH_PATHS = "$(inherited) @executable_path/Frameworks @loader_path/Frameworks";
				PRODUCT_BUNDLE_IDENTIFIER = com.2nproductions.BGEGameObjectAndComponentTests;
				PRODUCT_NAME = "$(TARGET_NAME)";
			};
			name = Debug;
		};
		B508CDA21CAF95A000127B97 /* Release */ = {
			isa = XCBuildConfiguration;
			buildSettings = {
				INFOPLIST_FILE = BGEGameObjectAndComponentTests/Info.plist;
				LD_RUNPATH_SEARCH_PATHS = "$(inherited) @executable_path/Frameworks @loader_path/Frameworks";
				PRODUCT_BUNDLE_IDENTIFIER = com.2nproductions.BGEGameObjectAndComponentTests;
				PRODUCT_NAME = "$(TARGET_NAME)";
			};
			name = Release;
		};
		B525E3621C8950DA00C691C0 /* Debug */ = {
			isa = XCBuildConfiguration;
			buildSettings = {
				ALWAYS_SEARCH_USER_PATHS = NO;
				CLANG_CXX_LANGUAGE_STANDARD = "gnu++0x";
				CLANG_CXX_LIBRARY = "libc++";
				CLANG_ENABLE_MODULES = YES;
				CLANG_ENABLE_OBJC_ARC = YES;
				CLANG_WARN_BOOL_CONVERSION = YES;
				CLANG_WARN_CONSTANT_CONVERSION = YES;
				CLANG_WARN_DIRECT_OBJC_ISA_USAGE = YES_ERROR;
				CLANG_WARN_EMPTY_BODY = YES;
				CLANG_WARN_ENUM_CONVERSION = YES;
				CLANG_WARN_INT_CONVERSION = YES;
				CLANG_WARN_OBJC_ROOT_CLASS = YES_ERROR;
				CLANG_WARN_UNREACHABLE_CODE = YES;
				CLANG_WARN__DUPLICATE_METHOD_MATCH = YES;
				"CODE_SIGN_IDENTITY[sdk=iphoneos*]" = "iPhone Developer";
				COMPRESS_PNG_FILES = YES;
				COPY_PHASE_STRIP = NO;
				DEBUG_INFORMATION_FORMAT = dwarf;
				ENABLE_STRICT_OBJC_MSGSEND = YES;
				ENABLE_TESTABILITY = YES;
				GCC_C_LANGUAGE_STANDARD = gnu99;
				GCC_DYNAMIC_NO_PIC = NO;
				GCC_NO_COMMON_BLOCKS = YES;
				GCC_OPTIMIZATION_LEVEL = 0;
				GCC_PREPROCESSOR_DEFINITIONS = (
					"$(inherited)",
					"DEBUG=1",
				);
				GCC_WARN_64_TO_32_BIT_CONVERSION = YES;
				GCC_WARN_ABOUT_RETURN_TYPE = YES_ERROR;
				GCC_WARN_UNDECLARED_SELECTOR = YES;
				GCC_WARN_UNINITIALIZED_AUTOS = YES_AGGRESSIVE;
				GCC_WARN_UNUSED_FUNCTION = YES;
				GCC_WARN_UNUSED_VARIABLE = YES;
				IPHONEOS_DEPLOYMENT_TARGET = 9.2;
				MTL_ENABLE_DEBUG_INFO = YES;
				ONLY_ACTIVE_ARCH = YES;
				SDKROOT = iphoneos;
			};
			name = Debug;
		};
		B525E3631C8950DA00C691C0 /* Release */ = {
			isa = XCBuildConfiguration;
			buildSettings = {
				ALWAYS_SEARCH_USER_PATHS = NO;
				CLANG_CXX_LANGUAGE_STANDARD = "gnu++0x";
				CLANG_CXX_LIBRARY = "libc++";
				CLANG_ENABLE_MODULES = YES;
				CLANG_ENABLE_OBJC_ARC = YES;
				CLANG_WARN_BOOL_CONVERSION = YES;
				CLANG_WARN_CONSTANT_CONVERSION = YES;
				CLANG_WARN_DIRECT_OBJC_ISA_USAGE = YES_ERROR;
				CLANG_WARN_EMPTY_BODY = YES;
				CLANG_WARN_ENUM_CONVERSION = YES;
				CLANG_WARN_INT_CONVERSION = YES;
				CLANG_WARN_OBJC_ROOT_CLASS = YES_ERROR;
				CLANG_WARN_UNREACHABLE_CODE = YES;
				CLANG_WARN__DUPLICATE_METHOD_MATCH = YES;
				"CODE_SIGN_IDENTITY[sdk=iphoneos*]" = "iPhone Developer";
				COMPRESS_PNG_FILES = YES;
				COPY_PHASE_STRIP = NO;
				DEBUG_INFORMATION_FORMAT = "dwarf-with-dsym";
				ENABLE_NS_ASSERTIONS = NO;
				ENABLE_STRICT_OBJC_MSGSEND = YES;
				GCC_C_LANGUAGE_STANDARD = gnu99;
				GCC_NO_COMMON_BLOCKS = YES;
				GCC_PREPROCESSOR_DEFINITIONS = "$(inherited)";
				GCC_WARN_64_TO_32_BIT_CONVERSION = YES;
				GCC_WARN_ABOUT_RETURN_TYPE = YES_ERROR;
				GCC_WARN_UNDECLARED_SELECTOR = YES;
				GCC_WARN_UNINITIALIZED_AUTOS = YES_AGGRESSIVE;
				GCC_WARN_UNUSED_FUNCTION = YES;
				GCC_WARN_UNUSED_VARIABLE = YES;
				IPHONEOS_DEPLOYMENT_TARGET = 9.2;
				MTL_ENABLE_DEBUG_INFO = NO;
				SDKROOT = iphoneos;
				VALIDATE_PRODUCT = YES;
			};
			name = Release;
		};
		B525E3651C8950DA00C691C0 /* Debug */ = {
			isa = XCBuildConfiguration;
			buildSettings = {
				HEADER_SEARCH_PATHS = "$(PROJECT_DIR)/$(TARGET_NAME)/external/freetype/include";
				OTHER_LDFLAGS = "-ObjC";
				PRODUCT_NAME = "$(TARGET_NAME)";
				SKIP_INSTALL = YES;
			};
			name = Debug;
		};
		B525E3661C8950DA00C691C0 /* Release */ = {
			isa = XCBuildConfiguration;
			buildSettings = {
				HEADER_SEARCH_PATHS = "$(PROJECT_DIR)/$(TARGET_NAME)/external/freetype/include";
				OTHER_LDFLAGS = "-ObjC";
				PRODUCT_NAME = "$(TARGET_NAME)";
				SKIP_INSTALL = YES;
			};
			name = Release;
		};
		B525E3801C8957A700C691C0 /* Debug */ = {
			isa = XCBuildConfiguration;
			buildSettings = {
				ASSETCATALOG_COMPILER_APPICON_NAME = AppIcon;
				HEADER_SEARCH_PATHS = "$(PROJECT_DIR)/BenGameEngine/external/freetype/include";
				INFOPLIST_FILE = BenGameEngineTestApp/Info.plist;
				LD_RUNPATH_SEARCH_PATHS = "$(inherited) @executable_path/Frameworks";
				LIBRARY_SEARCH_PATHS = (
					"$(inherited)",
					"$(PROJECT_DIR)/BenGameEngine/external/freetype/lib",
				);
				PRODUCT_BUNDLE_IDENTIFIER = com.2nproductions.BenGameEngineTestApp;
				PRODUCT_NAME = "$(TARGET_NAME)";
				TARGETED_DEVICE_FAMILY = "1,2";
			};
			name = Debug;
		};
		B525E3811C8957A700C691C0 /* Release */ = {
			isa = XCBuildConfiguration;
			buildSettings = {
				ASSETCATALOG_COMPILER_APPICON_NAME = AppIcon;
				HEADER_SEARCH_PATHS = "$(PROJECT_DIR)/BenGameEngine/external/freetype/include";
				INFOPLIST_FILE = BenGameEngineTestApp/Info.plist;
				LD_RUNPATH_SEARCH_PATHS = "$(inherited) @executable_path/Frameworks";
				LIBRARY_SEARCH_PATHS = (
					"$(inherited)",
					"$(PROJECT_DIR)/BenGameEngine/external/freetype/lib",
				);
				PRODUCT_BUNDLE_IDENTIFIER = com.2nproductions.BenGameEngineTestApp;
				PRODUCT_NAME = "$(TARGET_NAME)";
				TARGETED_DEVICE_FAMILY = "1,2";
			};
			name = Release;
		};
		B525E3DA1C8959D200C691C0 /* Debug */ = {
			isa = XCBuildConfiguration;
			buildSettings = {
				CODE_SIGN_IDENTITY = "-";
				COMBINE_HIDPI_IMAGES = YES;
				INFOPLIST_FILE = BenGameEngineBundle/Info.plist;
				INSTALL_PATH = "$(LOCAL_LIBRARY_DIR)/Bundles";
				MACOSX_DEPLOYMENT_TARGET = 10.11;
				PRODUCT_BUNDLE_IDENTIFIER = com.2nproductions.BenGameEngineBundle;
				PRODUCT_NAME = "$(TARGET_NAME)";
				SKIP_INSTALL = YES;
				WRAPPER_EXTENSION = bundle;
			};
			name = Debug;
		};
		B525E3DB1C8959D200C691C0 /* Release */ = {
			isa = XCBuildConfiguration;
			buildSettings = {
				CODE_SIGN_IDENTITY = "-";
				COMBINE_HIDPI_IMAGES = YES;
				INFOPLIST_FILE = BenGameEngineBundle/Info.plist;
				INSTALL_PATH = "$(LOCAL_LIBRARY_DIR)/Bundles";
				MACOSX_DEPLOYMENT_TARGET = 10.11;
				PRODUCT_BUNDLE_IDENTIFIER = com.2nproductions.BenGameEngineBundle;
				PRODUCT_NAME = "$(TARGET_NAME)";
				SKIP_INSTALL = YES;
				WRAPPER_EXTENSION = bundle;
			};
			name = Release;
		};
/* End XCBuildConfiguration section */

/* Begin XCConfigurationList section */
		B508CDA01CAF95A000127B97 /* Build configuration list for PBXNativeTarget "BGEGameObjectAndComponentTests" */ = {
			isa = XCConfigurationList;
			buildConfigurations = (
				B508CDA11CAF95A000127B97 /* Debug */,
				B508CDA21CAF95A000127B97 /* Release */,
			);
			defaultConfigurationIsVisible = 0;
			defaultConfigurationName = Release;
		};
		B525E3561C8950DA00C691C0 /* Build configuration list for PBXProject "BenGameEngine" */ = {
			isa = XCConfigurationList;
			buildConfigurations = (
				B525E3621C8950DA00C691C0 /* Debug */,
				B525E3631C8950DA00C691C0 /* Release */,
			);
			defaultConfigurationIsVisible = 0;
			defaultConfigurationName = Release;
		};
		B525E3641C8950DA00C691C0 /* Build configuration list for PBXNativeTarget "BenGameEngine" */ = {
			isa = XCConfigurationList;
			buildConfigurations = (
				B525E3651C8950DA00C691C0 /* Debug */,
				B525E3661C8950DA00C691C0 /* Release */,
			);
			defaultConfigurationIsVisible = 0;
			defaultConfigurationName = Release;
		};
		B525E37F1C8957A700C691C0 /* Build configuration list for PBXNativeTarget "BenGameEngineTestApp" */ = {
			isa = XCConfigurationList;
			buildConfigurations = (
				B525E3801C8957A700C691C0 /* Debug */,
				B525E3811C8957A700C691C0 /* Release */,
			);
			defaultConfigurationIsVisible = 0;
			defaultConfigurationName = Release;
		};
		B525E3D91C8959D200C691C0 /* Build configuration list for PBXNativeTarget "BenGameEngineBundle" */ = {
			isa = XCConfigurationList;
			buildConfigurations = (
				B525E3DA1C8959D200C691C0 /* Debug */,
				B525E3DB1C8959D200C691C0 /* Release */,
			);
			defaultConfigurationIsVisible = 0;
			defaultConfigurationName = Release;
		};
/* End XCConfigurationList section */
	};
	rootObject = B525E3531C8950DA00C691C0 /* Project object */;
}
